{
  "allow_builds": true,
  "allow_prereleases": false,
  "allow_wheels": true,
  "build_isolation": true,
  "constraints": [],
  "elide_unused_requires_dist": false,
  "excluded": [],
  "locked_resolves": [
    {
      "locked_requirements": [
        {
          "artifacts": [
            {
              "algorithm": "sha256",
              "hash": "00d2dde5a675579325902536738dd27e4fac1fd68f773fe36c21044eb559e187",
              "url": "https://files.pythonhosted.org/packages/53/18/a56e2fe47b259bb52201093a3a9d4a32014f9d85071ad07e9d60600890ca/ansicolors-1.1.8-py2.py3-none-any.whl"
            },
            {
              "algorithm": "sha256",
              "hash": "99f94f5e3348a0bcd43c82e5fc4414013ccc19d70bd939ad71e0133ce9c372e0",
              "url": "https://files.pythonhosted.org/packages/76/31/7faed52088732704523c259e24c26ce6f2f33fbeff2ff59274560c27628e/ansicolors-1.1.8.zip"
            }
          ],
          "project_name": "ansicolors",
          "requires_dists": [],
          "requires_python": null,
          "version": "1.1.8"
        },
        {
          "artifacts": [
            {
              "algorithm": "sha256",
              "hash": "fbf996a709f8da2e745ef763f482ce2d311aa817d287593a5b990d6d6e4f0443",
              "url": "https://files.pythonhosted.org/packages/52/93/342cc62a70ab727e093ed98e02a725d85b746345f05d2b5e5034649f4ec8/chevron-0.14.0-py3-none-any.whl"
            },
            {
              "algorithm": "sha256",
              "hash": "87613aafdf6d77b6a90ff073165a61ae5086e21ad49057aa0e53681601800ebf",
              "url": "https://files.pythonhosted.org/packages/15/1f/ca74b65b19798895d63a6e92874162f44233467c9e7c1ed8afd19016ebe9/chevron-0.14.0.tar.gz"
            }
          ],
          "project_name": "chevron",
          "requires_dists": [],
          "requires_python": null,
          "version": "0.14.0"
        },
        {
          "artifacts": [
            {
              "algorithm": "sha256",
              "hash": "9422c40d1e350e4259f509fb2e608d6bc43c0136f79a00db1b49046029d0b3b7",
              "url": "https://files.pythonhosted.org/packages/51/ac/e5d886f892666d2d1e5cb8c1a41146e1d79ae8896477b1153a21711d3b44/fasteners-0.20-py3-none-any.whl"
            },
            {
              "algorithm": "sha256",
              "hash": "55dce8792a41b56f727ba6e123fcaee77fd87e638a6863cec00007bfea84c8d8",
              "url": "https://files.pythonhosted.org/packages/2d/18/7881a99ba5244bfc82f06017316ffe93217dbbbcfa52b887caa1d4f2a6d3/fasteners-0.20.tar.gz"
            }
          ],
          "project_name": "fasteners",
          "requires_dists": [],
          "requires_python": ">=3.6",
          "version": "0.20"
        },
        {
          "artifacts": [
            {
              "algorithm": "sha256",
              "hash": "bfd6ad77c1f7806aaeb6b340866a6bb38a1f0fe94d8f5a5f74372c33a094913f",
              "url": "https://files.pythonhosted.org/packages/d6/99/a26df64d5069984e38305a6d6462534722f09c7f7578e5303903192f7a6a/hdrhistogram-0.10.3-cp311-cp311-musllinux_1_1_x86_64.whl"
            },
            {
              "algorithm": "sha256",
              "hash": "d5748a22ec68a5390f9d493aca933a6871788e34df91da4cc0a6ee19e336dc6d",
              "url": "https://files.pythonhosted.org/packages/54/58/bdd5df067445478013f7a21b378181b206cc0aaf31024366ac813e0d9a96/hdrhistogram-0.10.3-cp311-cp311-macosx_10_9_x86_64.whl"
            },
            {
              "algorithm": "sha256",
              "hash": "d814811d52e699426a8b54f2448ab5e49fee3519a200cd887fd3faaaa6f4a35d",
              "url": "https://files.pythonhosted.org/packages/93/14/20cb3a638284a5903492eecb5b5d1303aa1ec9606b9e2296ca1753df1f0c/hdrhistogram-0.10.3-cp311-cp311-musllinux_1_1_i686.whl"
            },
            {
              "algorithm": "sha256",
              "hash": "f6d7e402365ced65309c3ffb060b6bcf7d1265bfba293509076f18b5d9ec260d",
              "url": "https://files.pythonhosted.org/packages/a8/ba/37b9144c0372b1f48b9310a8e4fc77a4d4f8949190b0e56ebc2dd17c9e54/hdrhistogram-0.10.3-cp311-cp311-manylinux_2_5_i686.manylinux1_i686.manylinux_2_17_i686.manylinux2014_i686.whl"
            },
            {
              "algorithm": "sha256",
              "hash": "3f55fcbd39953b8989344cfb56cfa06094dbffc3fd4df1ff05d4b15658e1bf6d",
              "url": "https://files.pythonhosted.org/packages/a9/22/8f1f52f3fa3291d7c1693d9266d31753be5f27b907c97ce4db495de169fa/hdrhistogram-0.10.3-cp311-cp311-manylinux_2_5_x86_64.manylinux1_x86_64.manylinux_2_17_x86_64.manylinux2014_x86_64.whl"
            },
            {
              "algorithm": "sha256",
              "hash": "f3890df0a6f3c582a0a8b2a49a568729cb319f1600683e4458cc98b68ca32841",
              "url": "https://files.pythonhosted.org/packages/c2/79/674aad5279dd1a77b85efa1cbf8dcead209dc5f38f55cbbfd75bc20cc65b/hdrhistogram-0.10.3.tar.gz"
            }
          ],
          "project_name": "hdrhistogram",
          "requires_dists": [
            "pbr>=1.4"
          ],
          "requires_python": null,
          "version": "0.10.3"
        },
        {
          "artifacts": [
            {
              "algorithm": "sha256",
              "hash": "9c0886234d1fae15cf4581a430bdba03d79251c1ab3b07e30aa31b13ef28d01c",
              "url": "https://files.pythonhosted.org/packages/11/b5/ca8e64ab7cf5252f358e467be767630f085b5bbcd3c04333a3a5f36c3dd3/ijson-3.4.0.post0-cp311-cp311-musllinux_1_2_x86_64.whl"
            },
            {
              "algorithm": "sha256",
              "hash": "5a48b9486242d1295abe7fd0fbb6308867da5ca3f69b55c77922a93c2b6847aa",
              "url": "https://files.pythonhosted.org/packages/10/ce/ccda891f572876aaf2c43f0b2079e31d5b476c3ae53196187eab1a788eff/ijson-3.4.0.post0-cp311-cp311-musllinux_1_2_i686.whl"
            },
            {
              "algorithm": "sha256",
              "hash": "043f9b7cf9cc744263a78175e769947733710d2412d25180df44b1086b23ebd5",
              "url": "https://files.pythonhosted.org/packages/12/fb/2d068d23d1a665f500282ceb6f2473952a95fc7107d739fd629b4ab41959/ijson-3.4.0.post0-cp311-cp311-macosx_10_9_x86_64.whl"
            },
            {
              "algorithm": "sha256",
              "hash": "47352563e8c594360bacee2e0753e97025f0861234722d02faace62b1b6d2b2a",
              "url": "https://files.pythonhosted.org/packages/24/c1/fb719049851979df71f3e039d6f1a565d349c9cb1b29c0f8775d9db141b4/ijson-3.4.0.post0-cp311-cp311-musllinux_1_2_aarch64.whl"
            },
            {
              "algorithm": "sha256",
              "hash": "b55e49045f4c8031f3673f56662fd828dc9e8d65bd3b03a9420dda0d370e64ba",
              "url": "https://files.pythonhosted.org/packages/26/3d/8b14589dfb0e5dbb7bcf9063e53d3617c041cf315ff3dfa60945382237ce/ijson-3.4.0.post0-cp311-cp311-macosx_11_0_arm64.whl"
            },
            {
              "algorithm": "sha256",
              "hash": "9aa02dc70bb245670a6ca7fba737b992aeeb4895360980622f7e568dbf23e41e",
              "url": "https://files.pythonhosted.org/packages/2d/30/7ab4b9e88e7946f6beef419f74edcc541df3ea562c7882257b4eaa82417d/ijson-3.4.0.post0.tar.gz"
            },
            {
              "algorithm": "sha256",
              "hash": "deda4cfcaafa72ca3fa845350045b1d0fef9364ec9f413241bb46988afbe6ee6",
              "url": "https://files.pythonhosted.org/packages/59/bf/590bbc3c3566adce5e2f43ba5894520cbaf19a3e7f38c1250926ba67eee4/ijson-3.4.0.post0-cp311-cp311-manylinux2014_x86_64.manylinux_2_17_x86_64.manylinux_2_28_x86_64.whl"
            },
            {
              "algorithm": "sha256",
              "hash": "11f13b73194ea2a5a8b4a2863f25b0b4624311f10db3a75747b510c4958179b0",
              "url": "https://files.pythonhosted.org/packages/77/57/086a75094397d4b7584698a540a279689e12905271af78cdfc903bf9eaf8/ijson-3.4.0.post0-cp311-cp311-manylinux1_i686.manylinux_2_28_i686.manylinux_2_5_i686.whl"
            },
            {
              "algorithm": "sha256",
              "hash": "0b473112e72c0c506da425da3278367b6680f340ecc093084693a1e819d28435",
              "url": "https://files.pythonhosted.org/packages/a7/ac/3d57249d4acba66a33eaef794edb5b2a2222ca449ae08800f8abe9286645/ijson-3.4.0.post0-cp311-cp311-macosx_10_9_universal2.whl"
            },
            {
              "algorithm": "sha256",
              "hash": "659acb2843433e080c271ecedf7d19c71adde1ee5274fc7faa2fec0a793f9f1c",
              "url": "https://files.pythonhosted.org/packages/df/35/7f61e9ce4a9ff1306ec581eb851f8a660439126d92ee595c6dc8084aac97/ijson-3.4.0.post0-cp311-cp311-manylinux2014_aarch64.manylinux_2_17_aarch64.manylinux_2_28_aarch64.whl"
            }
          ],
          "project_name": "ijson",
          "requires_dists": [],
          "requires_python": ">=3.9",
          "version": "3.4.0.post0"
        },
        {
          "artifacts": [
            {
              "algorithm": "sha256",
              "hash": "f631c04d2c48c52b84d0d0549c99ff3859c98df65b3101406327ecc7d53fbf12",
              "url": "https://files.pythonhosted.org/packages/cb/b1/3846dd7f199d53cb17f49cba7e651e9ce294d8497c8c150530ed11865bb8/iniconfig-2.3.0-py3-none-any.whl"
            },
            {
              "algorithm": "sha256",
              "hash": "c76315c77db068650d49c5b56314774a7804df16fee4402c1f19d6d15d8c4730",
              "url": "https://files.pythonhosted.org/packages/72/34/14ca021ce8e5dfedc35312d08ba8bf51fdd999c576889fc2c24cb97f4f10/iniconfig-2.3.0.tar.gz"
            }
          ],
          "project_name": "iniconfig",
          "requires_dists": [],
          "requires_python": ">=3.10",
          "version": "2.3.0"
        },
        {
          "artifacts": [
            {
              "algorithm": "sha256",
              "hash": "a80e14836ecbdf5374c2c82cd5cd290abaa7290ecfafe9259d0615a1ebccb30c",
              "url": "https://files.pythonhosted.org/packages/75/3e/ccd2e449f09c745ded6925804a6fe66f4c96ef82a0330de646becb8c6140/libcst-1.8.5-cp311-cp311-musllinux_1_2_x86_64.whl"
            },
            {
              "algorithm": "sha256",
              "hash": "4f43915cd523a6967ba1dfe137627ed3804892005330c3bf53674a2ab4ff3dad",
              "url": "https://files.pythonhosted.org/packages/26/b0/8b1dca00aebfc89f8e538212e5582548cedfc0b8f3aa4e73a815fe87bdfd/libcst-1.8.5-cp311-cp311-macosx_11_0_arm64.whl"
            },
            {
              "algorithm": "sha256",
              "hash": "26e9d5e756447873eeda78441fa7d1fe640c0b526e5be2b6b7ee0c8f03c4665f",
              "url": "https://files.pythonhosted.org/packages/33/8a/2ee78c01070c919de3d6736a06d1d9ecaedcbe1f367f4eee3c34ae5f801e/libcst-1.8.5-cp311-cp311-manylinux_2_28_x86_64.whl"
            },
            {
              "algorithm": "sha256",
              "hash": "b5b33ec61f62ff6122dc9c5bf1401bc8a9f9a2f0663ca15661d21d14d9dc4de0",
              "url": "https://files.pythonhosted.org/packages/50/cf/ef4cb1c1b16f4bd32b0d7a5f01b18168fd833010a916bc062958dd6bcd8a/libcst-1.8.5-cp311-cp311-musllinux_1_2_aarch64.whl"
            },
            {
              "algorithm": "sha256",
              "hash": "e72e1816eed63f530668e93a4c22ff1cf8b91ddce0ec53e597d3f6c53e103ec7",
              "url": "https://files.pythonhosted.org/packages/5c/55/ca4552d7fe79a91b2a7b4fa39991e8a45a17c8bfbcaf264597d95903c777/libcst-1.8.5.tar.gz"
            },
            {
              "algorithm": "sha256",
              "hash": "9a756bd314b87b87dec9f0f900672c37719645b1c8bb2b53fe37b5b5fe7ee2c2",
              "url": "https://files.pythonhosted.org/packages/8a/1f/78ad030ca973f2c58fa58c3f30d94c2239473d3aba6c9dd1bdedd5047ddd/libcst-1.8.5-cp311-cp311-manylinux_2_28_aarch64.whl"
            },
            {
              "algorithm": "sha256",
              "hash": "dd5a292ce2b6410bc100aeac2b18ba3554fd8a8f6aa0ee6a9238bb4031c521ca",
              "url": "https://files.pythonhosted.org/packages/b8/a0/4efb5b33c184f72554409516c73c8900909f87de528538d194b2cb5898ac/libcst-1.8.5-cp311-cp311-macosx_10_12_x86_64.whl"
            }
          ],
          "project_name": "libcst",
          "requires_dists": [
            "pyyaml-ft>=8.0.0; python_version >= \"3.13\"",
            "pyyaml>=5.2; python_version < \"3.13\"",
            "typing-extensions; python_version < \"3.10\""
          ],
          "requires_python": ">=3.9",
          "version": "1.8.5"
        },
        {
          "artifacts": [
            {
              "algorithm": "sha256",
              "hash": "8153270903772b1e59500ced6f0aca0f7bdb021651c27584e9283b7077b4916b",
              "url": "https://files.pythonhosted.org/packages/1a/4b/180481021692a76dc91f46fa6a49cdef4c3e630c77a83b7fda3f4eb7aa04/node_semver-0.9.0-py3-none-any.whl"
            },
            {
              "algorithm": "sha256",
              "hash": "04aa0b0016dbc06748d6378c42d8cf82a343415bd9fca6284f488041d08b33bb",
              "url": "https://files.pythonhosted.org/packages/eb/c5/e823658f716b17ab1c52d68ed13a0e09c0130af052401a26b5738e4290cc/node-semver-0.9.0.tar.gz"
            }
          ],
          "project_name": "node-semver",
          "requires_dists": [
            "pytest; extra == \"testing\""
          ],
          "requires_python": null,
          "version": "0.9.0"
        },
        {
          "artifacts": [
            {
              "algorithm": "sha256",
              "hash": "29572ef2b1f17581046b3a2227d5c611fb25ec70ca1ba8554b24b0e69331a484",
              "url": "https://files.pythonhosted.org/packages/20/12/38679034af332785aac8774540895e234f4d07f7545804097de4b666afd8/packaging-25.0-py3-none-any.whl"
            },
            {
              "algorithm": "sha256",
              "hash": "d443872c98d677bf60f6a1f2f8c1cb748e8fe762d2bf9d3148b5599295b0fc4f",
              "url": "https://files.pythonhosted.org/packages/a1/d4/1fc4078c65507b51b96ca8f8c3ba19e6a61c8253c72794544580a7b6c24d/packaging-25.0.tar.gz"
            }
          ],
          "project_name": "packaging",
          "requires_dists": [],
          "requires_python": ">=3.8",
          "version": "25.0"
        },
        {
          "artifacts": [
            {
              "algorithm": "sha256",
              "hash": "5498c9d641dd9812128301c7a0dcb61e7049dfcade2a8c7d2d6b9ef7346bb2de",
              "url": "https://github.com/pantsbuild/pants/releases/download/release_2.31.0.dev3/pantsbuild_pants-2.31.0.dev3-cp311-cp311-manylinux2014_x86_64.whl"
            },
            {
              "algorithm": "sha256",
              "hash": "5cd1c5054cf9740222da1abc694070ae4798a0a47acd6bd711d7296b250348d6",
              "url": "https://github.com/pantsbuild/pants/releases/download/release_2.31.0.dev3/pantsbuild_pants-2.31.0.dev3-cp311-cp311-macosx_14_0_arm64.whl"
            },
            {
              "algorithm": "sha256",
              "hash": "44f736cad8f9880d6bbf17e96a15914b3b079b158ac37d92420eea2661371e38",
              "url": "https://github.com/pantsbuild/pants/releases/download/release_2.31.0.dev3/pantsbuild_pants-2.31.0.dev3-cp311-cp311-manylinux2014_aarch64.whl"
            }
          ],
          "project_name": "pantsbuild-pants",
          "requires_dists": [
            "PyYAML<7.0,>=6.0",
            "ansicolors==1.1.8",
            "chevron==0.14.0",
            "fasteners==0.20.0",
            "hdrhistogram==0.10.3",
            "ijson==3.4.0.post0",
            "libcst==1.8.5",
            "node-semver==0.9.0",
            "packaging==25.0",
            "psutil==5.9.8",
            "python-lsp-jsonrpc==1.1.2",
            "setproctitle==1.3.7",
            "toml==0.10.2",
            "types-PyYAML==6.0.12.20250915",
            "types-toml==0.10.8.20240310",
            "typing-extensions==4.15"
          ],
          "requires_python": "==3.11.*",
          "version": "2.31.0.dev3"
        },
        {
          "artifacts": [
            {
              "algorithm": "sha256",
              "hash": "4c4a07cd0510ca29ac016d10383687be7fea4e2bd78b541982d354ab7f59c971",
              "url": "https://github.com/pantsbuild/pants/releases/download/release_2.31.0.dev3/pantsbuild_pants_testutil-2.31.0.dev3-py3-none-any.whl"
            }
          ],
          "project_name": "pantsbuild-pants-testutil",
          "requires_dists": [
            "pantsbuild.pants==2.31.0.dev3",
            "pytest!=7.1.0,!=7.1.1,<9,>=7",
            "toml==0.10.2",
            "types-toml==0.10.8.20240310"
          ],
          "requires_python": "==3.11.*",
          "version": "2.31.0.dev3"
        },
        {
          "artifacts": [
            {
              "algorithm": "sha256",
              "hash": "ff223894eb1cd271a98076b13d3badff3bb36c424074d26334cd25aebeecea6b",
              "url": "https://files.pythonhosted.org/packages/c0/db/61efa0d08a99f897ef98256b03e563092d36cc38dc4ebe4a85020fe40b31/pbr-7.0.3-py2.py3-none-any.whl"
            },
            {
              "algorithm": "sha256",
              "hash": "b46004ec30a5324672683ec848aed9e8fc500b0d261d40a3229c2d2bbfcedc29",
              "url": "https://files.pythonhosted.org/packages/5e/ab/1de9a4f730edde1bdbbc2b8d19f8fa326f036b4f18b2f72cfbea7dc53c26/pbr-7.0.3.tar.gz"
            }
          ],
          "project_name": "pbr",
          "requires_dists": [
            "setuptools"
          ],
          "requires_python": ">=2.6",
          "version": "7.0.3"
        },
        {
          "artifacts": [
            {
              "algorithm": "sha256",
              "hash": "e920276dd6813095e9377c0bc5566d94c932c33b27a3e3945d8389c374dd4746",
              "url": "https://files.pythonhosted.org/packages/54/20/4d324d65cc6d9205fabedc306948156824eb9f0ee1633355a8f7ec5c66bf/pluggy-1.6.0-py3-none-any.whl"
            },
            {
              "algorithm": "sha256",
              "hash": "7dcc130b76258d33b90f61b658791dede3486c3e6bfb003ee5c9bfb396dd22f3",
              "url": "https://files.pythonhosted.org/packages/f9/e2/3e91f31a7d2b083fe6ef3fa267035b518369d9511ffab804f839851d2779/pluggy-1.6.0.tar.gz"
            }
          ],
          "project_name": "pluggy",
          "requires_dists": [
            "coverage; extra == \"testing\"",
            "pre-commit; extra == \"dev\"",
            "pytest-benchmark; extra == \"testing\"",
            "pytest; extra == \"testing\"",
            "tox; extra == \"dev\""
          ],
          "requires_python": ">=3.9",
          "version": "1.6.0"
        },
        {
          "artifacts": [
            {
              "algorithm": "sha256",
              "hash": "d16bbddf0693323b8c6123dd804100241da461e41d6e332fb0ba6058f630f8c8",
              "url": "https://files.pythonhosted.org/packages/05/33/2d74d588408caedd065c2497bdb5ef83ce6082db01289a1e1147f6639802/psutil-5.9.8-cp38-abi3-macosx_11_0_arm64.whl"
            },
            {
              "algorithm": "sha256",
              "hash": "6be126e3225486dff286a8fb9a06246a5253f4c7c53b475ea5f5ac934e64194c",
              "url": "https://files.pythonhosted.org/packages/90/c7/6dc0a455d111f68ee43f27793971cf03fe29b6ef972042549db29eec39a2/psutil-5.9.8.tar.gz"
            },
            {
              "algorithm": "sha256",
              "hash": "8cb6403ce6d8e047495a701dc7c5bd788add903f8986d523e3e20b98b733e421",
              "url": "https://files.pythonhosted.org/packages/b3/bd/28c5f553667116b2598b9cc55908ec435cb7f77a34f2bff3e3ca765b0f78/psutil-5.9.8-cp36-abi3-manylinux_2_12_i686.manylinux2010_i686.manylinux_2_17_i686.manylinux2014_i686.whl"
            },
            {
              "algorithm": "sha256",
              "hash": "d06016f7f8625a1825ba3732081d77c94589dca78b7a3fc072194851e88461a4",
              "url": "https://files.pythonhosted.org/packages/c5/4f/0e22aaa246f96d6ac87fe5ebb9c5a693fbe8877f537a1022527c47ca43c5/psutil-5.9.8-cp36-abi3-manylinux_2_12_x86_64.manylinux2010_x86_64.manylinux_2_17_x86_64.manylinux2014_x86_64.whl"
            },
            {
              "algorithm": "sha256",
              "hash": "aee678c8720623dc456fa20659af736241f575d79429a0e5e9cf88ae0605cc81",
              "url": "https://files.pythonhosted.org/packages/e7/e3/07ae864a636d70a8a6f58da27cb1179192f1140d5d1da10886ade9405797/psutil-5.9.8-cp36-abi3-macosx_10_9_x86_64.whl"
            }
          ],
          "project_name": "psutil",
          "requires_dists": [
            "enum34; python_version <= \"3.4\" and extra == \"test\"",
            "ipaddress; python_version < \"3.0\" and extra == \"test\"",
            "mock; python_version < \"3.0\" and extra == \"test\"",
            "pywin32; sys_platform == \"win32\" and extra == \"test\"",
            "wmi; sys_platform == \"win32\" and extra == \"test\""
          ],
          "requires_python": "!=3.0.*,!=3.1.*,!=3.2.*,!=3.3.*,!=3.4.*,!=3.5.*,>=2.7",
          "version": "5.9.8"
        },
        {
          "artifacts": [
            {
              "algorithm": "sha256",
              "hash": "86540386c03d588bb81d44bc3928634ff26449851e99741617ecb9037ee5ec0b",
              "url": "https://files.pythonhosted.org/packages/c7/21/705964c7812476f378728bdf590ca4b771ec72385c533964653c68e86bdc/pygments-2.19.2-py3-none-any.whl"
            },
            {
              "algorithm": "sha256",
              "hash": "636cb2477cec7f8952536970bc533bc43743542f70392ae026374600add5b887",
              "url": "https://files.pythonhosted.org/packages/b0/77/a5b8c569bf593b0140bde72ea885a803b82086995367bf2037de0159d924/pygments-2.19.2.tar.gz"
            }
          ],
          "project_name": "pygments",
          "requires_dists": [
            "colorama>=0.4.6; extra == \"windows-terminal\""
          ],
          "requires_python": ">=3.8",
          "version": "2.19.2"
        },
        {
          "artifacts": [
            {
              "algorithm": "sha256",
              "hash": "872f880de3fc3a5bdc88a11b39c9710c3497a547cfa9320bc3c5e62fbf272e79",
              "url": "https://files.pythonhosted.org/packages/a8/a4/20da314d277121d6534b3a980b29035dcd51e6744bd79075a6ce8fa4eb8d/pytest-8.4.2-py3-none-any.whl"
            },
            {
              "algorithm": "sha256",
              "hash": "86c0d0b93306b961d58d62a4db4879f27fe25513d4b969df351abdddb3c30e01",
              "url": "https://files.pythonhosted.org/packages/a3/5c/00a0e072241553e1a7496d638deababa67c5058571567b92a7eaa258397c/pytest-8.4.2.tar.gz"
            }
          ],
          "project_name": "pytest",
          "requires_dists": [
            "argcomplete; extra == \"dev\"",
            "attrs>=19.2; extra == \"dev\"",
            "colorama>=0.4; sys_platform == \"win32\"",
            "exceptiongroup>=1; python_version < \"3.11\"",
            "hypothesis>=3.56; extra == \"dev\"",
            "iniconfig>=1",
            "mock; extra == \"dev\"",
            "packaging>=20",
            "pluggy<2,>=1.5",
            "pygments>=2.7.2",
            "requests; extra == \"dev\"",
            "setuptools; extra == \"dev\"",
            "tomli>=1; python_version < \"3.11\"",
            "xmlschema; extra == \"dev\""
          ],
          "requires_python": ">=3.9",
          "version": "8.4.2"
        },
        {
          "artifacts": [
            {
              "algorithm": "sha256",
              "hash": "7339c2e9630ae98903fdaea1ace8c47fba0484983794d6aafd0bd8989be2b03c",
              "url": "https://files.pythonhosted.org/packages/cb/d9/656659d5b5d5f402b2b174cd0ba9bc827e07ce3c0bf88da65424baf64af8/python_lsp_jsonrpc-1.1.2-py3-none-any.whl"
            },
            {
              "algorithm": "sha256",
              "hash": "4688e453eef55cd952bff762c705cedefa12055c0aec17a06f595bcc002cc912",
              "url": "https://files.pythonhosted.org/packages/48/b6/fd92e2ea4635d88966bb42c20198df1a981340f07843b5e3c6694ba3557b/python-lsp-jsonrpc-1.1.2.tar.gz"
            }
          ],
          "project_name": "python-lsp-jsonrpc",
          "requires_dists": [
            "coverage; extra == \"test\"",
            "pycodestyle; extra == \"test\"",
            "pyflakes; extra == \"test\"",
            "pylint; extra == \"test\"",
            "pytest-cov; extra == \"test\"",
            "pytest; extra == \"test\"",
            "ujson>=3.0.0"
          ],
          "requires_python": ">=3.8",
          "version": "1.1.2"
        },
        {
          "artifacts": [
            {
              "algorithm": "sha256",
              "hash": "37503bfbfc9d2c40b344d06b2199cf0e96e97957ab1c1b546fd4f87e53e5d3e4",
              "url": "https://files.pythonhosted.org/packages/f2/6a/b627b4e0c1dd03718543519ffb2f1deea4a1e6d42fbab8021936a4d22589/pyyaml-6.0.3-cp311-cp311-musllinux_1_2_x86_64.whl"
            },
            {
              "algorithm": "sha256",
              "hash": "d76623373421df22fb4cf8817020cbb7ef15c725b9d5e45f17e189bfc384190f",
              "url": "https://files.pythonhosted.org/packages/05/8e/961c0007c59b8dd7729d542c61a4d537767a59645b82a0b521206e1e25c2/pyyaml-6.0.3.tar.gz"
            },
            {
              "algorithm": "sha256",
              "hash": "10892704fc220243f5305762e276552a0395f7beb4dbf9b14ec8fd43b57f126c",
              "url": "https://files.pythonhosted.org/packages/0c/62/d2eb46264d4b157dae1275b573017abec435397aa59cbcdab6fc978a8af4/pyyaml-6.0.3-cp311-cp311-manylinux2014_aarch64.manylinux_2_17_aarch64.manylinux_2_28_aarch64.whl"
            },
            {
              "algorithm": "sha256",
              "hash": "850774a7879607d3a6f50d36d04f00ee69e7fc816450e5f7e58d7f17f1ae5c00",
              "url": "https://files.pythonhosted.org/packages/10/cb/16c3f2cf3266edd25aaa00d6c4350381c8b012ed6f5276675b9eba8d9ff4/pyyaml-6.0.3-cp311-cp311-manylinux2014_s390x.manylinux_2_17_s390x.manylinux_2_28_s390x.whl"
            },
            {
              "algorithm": "sha256",
              "hash": "652cb6edd41e718550aad172851962662ff2681490a8a711af6a4d288dd96824",
              "url": "https://files.pythonhosted.org/packages/16/19/13de8e4377ed53079ee996e1ab0a9c33ec2faf808a4647b7b4c0d46dd239/pyyaml-6.0.3-cp311-cp311-macosx_11_0_arm64.whl"
            },
            {
              "algorithm": "sha256",
              "hash": "44edc647873928551a01e7a563d7452ccdebee747728c1080d881d68af7b997e",
              "url": "https://files.pythonhosted.org/packages/6d/16/a95b6757765b7b031c9374925bb718d55e0a9ba8a1b6a12d25962ea44347/pyyaml-6.0.3-cp311-cp311-macosx_10_13_x86_64.whl"
            },
            {
              "algorithm": "sha256",
              "hash": "b8bb0864c5a28024fac8a632c443c87c5aa6f215c0b126c449ae1a150412f31d",
              "url": "https://files.pythonhosted.org/packages/71/60/917329f640924b18ff085ab889a11c763e0b573da888e8404ff486657602/pyyaml-6.0.3-cp311-cp311-manylinux2014_x86_64.manylinux_2_17_x86_64.manylinux_2_28_x86_64.whl"
            },
            {
              "algorithm": "sha256",
              "hash": "1d37d57ad971609cf3c53ba6a7e365e40660e3be0e5175fa9f2365a379d6095a",
              "url": "https://files.pythonhosted.org/packages/dd/6f/529b0f316a9fd167281a6c3826b5583e6192dba792dd55e3203d3f8e655a/pyyaml-6.0.3-cp311-cp311-musllinux_1_2_aarch64.whl"
            }
          ],
          "project_name": "pyyaml",
          "requires_dists": [],
          "requires_python": ">=3.8",
          "version": "6.0.3"
        },
        {
          "artifacts": [
            {
              "algorithm": "sha256",
              "hash": "316664d8b24a5c91ee244460bdaf7a74a707adaa9e14fbe0dc0a53168bb9aba1",
              "url": "https://files.pythonhosted.org/packages/6b/63/f0b6205c64d74d2a24a58644a38ec77bdbaa6afc13747e75973bf8904932/setproctitle-1.3.7-cp311-cp311-musllinux_1_2_x86_64.whl"
            },
            {
              "algorithm": "sha256",
              "hash": "a600eeb4145fb0ee6c287cb82a2884bd4ec5bbb076921e287039dcc7b7cc6dd0",
              "url": "https://files.pythonhosted.org/packages/04/cd/1b7ba5cad635510720ce19d7122154df96a2387d2a74217be552887c93e5/setproctitle-1.3.7-cp311-cp311-macosx_10_9_universal2.whl"
            },
            {
              "algorithm": "sha256",
              "hash": "1607b963e7b53e24ec8a2cb4e0ab3ae591d7c6bf0a160feef0551da63452b37f",
              "url": "https://files.pythonhosted.org/packages/18/2e/bd03ff02432a181c1787f6fc2a678f53b7dacdd5ded69c318fe1619556e8/setproctitle-1.3.7-cp311-cp311-manylinux1_x86_64.manylinux_2_28_x86_64.manylinux_2_5_x86_64.whl"
            },
            {
              "algorithm": "sha256",
              "hash": "a20fb1a3974e2dab857870cf874b325b8705605cb7e7e8bcbb915bca896f52a9",
              "url": "https://files.pythonhosted.org/packages/28/78/1e62fc0937a8549f2220445ed2175daacee9b6764c7963b16148119b016d/setproctitle-1.3.7-cp311-cp311-manylinux2014_aarch64.manylinux_2_17_aarch64.manylinux_2_28_aarch64.whl"
            },
            {
              "algorithm": "sha256",
              "hash": "db116850fcf7cca19492030f8d3b4b6e231278e8fe097a043957d22ce1bdf3ee",
              "url": "https://files.pythonhosted.org/packages/4a/18/77a765a339ddf046844cb4513353d8e9dcd8183da9cdba6e078713e6b0b2/setproctitle-1.3.7-cp311-cp311-musllinux_1_2_ppc64le.whl"
            },
            {
              "algorithm": "sha256",
              "hash": "bc2bc917691c1537d5b9bca1468437176809c7e11e5694ca79a9ca12345dcb9e",
              "url": "https://files.pythonhosted.org/packages/8d/48/49393a96a2eef1ab418b17475fb92b8fcfad83d099e678751b05472e69de/setproctitle-1.3.7.tar.gz"
            },
            {
              "algorithm": "sha256",
              "hash": "97a090fed480471bb175689859532709e28c085087e344bca45cf318034f70c4",
              "url": "https://files.pythonhosted.org/packages/8f/1a/b2da0a620490aae355f9d72072ac13e901a9fec809a6a24fc6493a8f3c35/setproctitle-1.3.7-cp311-cp311-macosx_11_0_arm64.whl"
            },
            {
              "algorithm": "sha256",
              "hash": "f8d961bba676e07d77665204f36cffaa260f526e7b32d07ab3df6a2c1dfb44ba",
              "url": "https://files.pythonhosted.org/packages/a0/3c/65edc65db3fa3df400cf13b05e9d41a3c77517b4839ce873aa6b4043184f/setproctitle-1.3.7-cp311-cp311-manylinux2014_ppc64le.manylinux_2_17_ppc64le.manylinux_2_28_ppc64le.whl"
            },
            {
              "algorithm": "sha256",
              "hash": "db0fd964fbd3a9f8999b502f65bd2e20883fdb5b1fae3a424e66db9a793ed307",
              "url": "https://files.pythonhosted.org/packages/a1/32/89157e3de997973e306e44152522385f428e16f92f3cf113461489e1e2ee/setproctitle-1.3.7-cp311-cp311-musllinux_1_2_aarch64.whl"
            }
          ],
          "project_name": "setproctitle",
          "requires_dists": [
            "pytest; extra == \"test\""
          ],
          "requires_python": ">=3.8",
          "version": "1.3.7"
        },
        {
          "artifacts": [
            {
              "algorithm": "sha256",
              "hash": "062d34222ad13e0cc312a4c02d73f059e86a4acbfbdea8f8f76b28c99f306922",
              "url": "https://files.pythonhosted.org/packages/a3/dc/17031897dae0efacfea57dfd3a82fdd2a2aeb58e0ff71b77b87e44edc772/setuptools-80.9.0-py3-none-any.whl"
            },
            {
              "algorithm": "sha256",
              "hash": "f36b47402ecde768dbfafc46e8e4207b4360c654f1f3bb84475f0a28628fb19c",
              "url": "https://files.pythonhosted.org/packages/18/5d/3bf57dcd21979b887f014ea83c24ae194cfcd12b9e0fda66b957c69d1fca/setuptools-80.9.0.tar.gz"
            }
          ],
          "project_name": "setuptools",
          "requires_dists": [
            "build[virtualenv]>=1.0.3; extra == \"test\"",
            "filelock>=3.4.0; extra == \"test\"",
            "furo; extra == \"doc\"",
            "importlib_metadata>=6; python_version < \"3.10\" and extra == \"core\"",
            "importlib_metadata>=7.0.2; python_version < \"3.10\" and extra == \"type\"",
            "ini2toml[lite]>=0.14; extra == \"test\"",
            "jaraco.develop>=7.21; (python_version >= \"3.9\" and sys_platform != \"cygwin\") and extra == \"test\"",
            "jaraco.develop>=7.21; sys_platform != \"cygwin\" and extra == \"type\"",
            "jaraco.envs>=2.2; extra == \"test\"",
            "jaraco.functools>=4; extra == \"core\"",
            "jaraco.packaging>=9.3; extra == \"doc\"",
            "jaraco.path>=3.7.2; extra == \"test\"",
            "jaraco.test>=5.5; extra == \"test\"",
            "jaraco.text>=3.7; extra == \"core\"",
            "jaraco.tidelift>=1.4; extra == \"doc\"",
            "more_itertools; extra == \"core\"",
            "more_itertools>=8.8; extra == \"core\"",
            "mypy==1.14.*; extra == \"type\"",
            "packaging>=24.2; extra == \"core\"",
            "packaging>=24.2; extra == \"test\"",
            "pip>=19.1; extra == \"test\"",
            "platformdirs>=4.2.2; extra == \"core\"",
            "pygments-github-lexers==0.0.5; extra == \"doc\"",
            "pyproject-hooks!=1.1; extra == \"doc\"",
            "pyproject-hooks!=1.1; extra == \"test\"",
            "pytest!=8.1.*,>=6; extra == \"test\"",
            "pytest-checkdocs>=2.4; extra == \"check\"",
            "pytest-cov; extra == \"cover\"",
            "pytest-enabler>=2.2; extra == \"enabler\"",
            "pytest-home>=0.5; extra == \"test\"",
            "pytest-mypy; extra == \"type\"",
            "pytest-perf; sys_platform != \"cygwin\" and extra == \"test\"",
            "pytest-ruff>=0.2.1; sys_platform != \"cygwin\" and extra == \"check\"",
            "pytest-subprocess; extra == \"test\"",
            "pytest-timeout; extra == \"test\"",
            "pytest-xdist>=3; extra == \"test\"",
            "rst.linker>=1.9; extra == \"doc\"",
            "ruff>=0.8.0; sys_platform != \"cygwin\" and extra == \"check\"",
            "sphinx-favicon; extra == \"doc\"",
            "sphinx-inline-tabs; extra == \"doc\"",
            "sphinx-lint; extra == \"doc\"",
            "sphinx-notfound-page<2,>=1; extra == \"doc\"",
            "sphinx-reredirects; extra == \"doc\"",
            "sphinx>=3.5; extra == \"doc\"",
            "sphinxcontrib-towncrier; extra == \"doc\"",
            "tomli-w>=1.0.0; extra == \"test\"",
            "tomli>=2.0.1; python_version < \"3.11\" and extra == \"core\"",
            "towncrier<24.7; extra == \"doc\"",
            "virtualenv>=13.0.0; extra == \"test\"",
            "wheel>=0.43.0; extra == \"core\"",
            "wheel>=0.44.0; extra == \"test\""
          ],
          "requires_python": ">=3.9",
          "version": "80.9.0"
        },
        {
          "artifacts": [
            {
              "algorithm": "sha256",
              "hash": "806143ae5bfb6a3c6e736a764057db0e6a0e05e338b5630894a5f779cabb4f9b",
              "url": "https://files.pythonhosted.org/packages/44/6f/7120676b6d73228c96e17f1f794d8ab046fc910d781c8d151120c3f1569e/toml-0.10.2-py2.py3-none-any.whl"
            },
            {
              "algorithm": "sha256",
              "hash": "b3bda1d108d5dd99f4a20d24d9c348e91c4db7ab1b749200bded2f839ccbe68f",
              "url": "https://files.pythonhosted.org/packages/be/ba/1f744cdc819428fc6b5084ec34d9b30660f6f9daaf70eead706e3203ec3c/toml-0.10.2.tar.gz"
            }
          ],
          "project_name": "toml",
          "requires_dists": [],
          "requires_python": "!=3.0.*,!=3.1.*,!=3.2.*,>=2.6",
          "version": "0.10.2"
        },
        {
          "artifacts": [
            {
              "algorithm": "sha256",
              "hash": "e7d4d9e064e89a3b3cae120b4990cd370874d2bf12fa5f46c97018dd5d3c9ab6",
              "url": "https://files.pythonhosted.org/packages/bd/e0/1eed384f02555dde685fff1a1ac805c1c7dcb6dd019c916fe659b1c1f9ec/types_pyyaml-6.0.12.20250915-py3-none-any.whl"
            },
            {
              "algorithm": "sha256",
              "hash": "0f8b54a528c303f0e6f7165687dd33fafa81c807fcac23f632b63aa624ced1d3",
              "url": "https://files.pythonhosted.org/packages/7e/69/3c51b36d04da19b92f9e815be12753125bd8bc247ba0470a982e6979e71c/types_pyyaml-6.0.12.20250915.tar.gz"
            }
          ],
          "project_name": "types-pyyaml",
          "requires_dists": [],
          "requires_python": ">=3.9",
          "version": "6.0.12.20250915"
        },
        {
          "artifacts": [
            {
              "algorithm": "sha256",
              "hash": "627b47775d25fa29977d9c70dc0cbab3f314f32c8d8d0c012f2ef5de7aaec05d",
              "url": "https://files.pythonhosted.org/packages/da/a2/d32ab58c0b216912638b140ab2170ee4b8644067c293b170e19fba340ccc/types_toml-0.10.8.20240310-py3-none-any.whl"
            },
            {
              "algorithm": "sha256",
              "hash": "3d41501302972436a6b8b239c850b26689657e25281b48ff0ec06345b8830331",
              "url": "https://files.pythonhosted.org/packages/86/47/3e4c75042792bff8e90d7991aa5c51812cc668828cc6cce711e97f63a607/types-toml-0.10.8.20240310.tar.gz"
            }
          ],
          "project_name": "types-toml",
          "requires_dists": [],
          "requires_python": ">=3.8",
          "version": "0.10.8.20240310"
        },
        {
          "artifacts": [
            {
              "algorithm": "sha256",
              "hash": "f0fa19c6845758ab08074a0cfa8b7aecb71c999ca73d62883bc25cc018c4e548",
              "url": "https://files.pythonhosted.org/packages/18/67/36e9267722cc04a6b9f15c7f3441c2363321a3ea07da7ae0c0707beb2a9c/typing_extensions-4.15.0-py3-none-any.whl"
            },
            {
              "algorithm": "sha256",
              "hash": "0cea48d173cc12fa28ecabc3b837ea3cf6f38c6d1136f85cbaaf598984861466",
              "url": "https://files.pythonhosted.org/packages/72/94/1a15dd82efb362ac84269196e94cf00f187f7ed21c242792a923cdb1c61f/typing_extensions-4.15.0.tar.gz"
            }
          ],
          "project_name": "typing-extensions",
          "requires_dists": [],
          "requires_python": ">=3.9",
          "version": "4.15.0"
        },
        {
          "artifacts": [
            {
              "algorithm": "sha256",
              "hash": "4843f3ab4fe1cc596bb7e02228ef4c25d35b4bb0809d6a260852a4bfcab37ba3",
              "url": "https://files.pythonhosted.org/packages/15/f5/ca454f2f6a2c840394b6f162fff2801450803f4ff56c7af8ce37640b8a2a/ujson-5.11.0-cp311-cp311-musllinux_1_2_x86_64.whl"
            },
            {
              "algorithm": "sha256",
              "hash": "952c0be400229940248c0f5356514123d428cba1946af6fa2bbd7503395fef26",
              "url": "https://files.pythonhosted.org/packages/41/b8/ab67ec8c01b8a3721fd13e5cb9d85ab2a6066a3a5e9148d661a6870d6293/ujson-5.11.0-cp311-cp311-manylinux_2_24_aarch64.manylinux_2_28_aarch64.whl"
            },
            {
              "algorithm": "sha256",
              "hash": "e204ae6f909f099ba6b6b942131cee359ddda2b6e4ea39c12eb8b991fe2010e0",
              "url": "https://files.pythonhosted.org/packages/43/d9/3f17e3c5773fb4941c68d9a37a47b1a79c9649d6c56aefbed87cc409d18a/ujson-5.11.0.tar.gz"
            },
            {
              "algorithm": "sha256",
              "hash": "d8951bb7a505ab2a700e26f691bdfacf395bc7e3111e3416d325b513eea03a58",
              "url": "https://files.pythonhosted.org/packages/57/df/b53e747562c89515e18156513cc7c8ced2e5e3fd6c654acaa8752ffd7cd9/ujson-5.11.0-cp311-cp311-macosx_11_0_arm64.whl"
            },
            {
              "algorithm": "sha256",
              "hash": "7e0ec1646db172beb8d3df4c32a9d78015e671d2000af548252769e33079d9a6",
              "url": "https://files.pythonhosted.org/packages/5d/7c/48706f7c1e917ecb97ddcfb7b1d756040b86ed38290e28579d63bd3fcc48/ujson-5.11.0-cp311-cp311-manylinux_2_24_x86_64.manylinux_2_28_x86_64.whl"
            },
            {
              "algorithm": "sha256",
              "hash": "94fcae844f1e302f6f8095c5d1c45a2f0bfb928cccf9f1b99e3ace634b980a2a",
              "url": "https://files.pythonhosted.org/packages/7b/c7/fb84f27cd80a2c7e2d3c6012367aecade0da936790429801803fa8d4bffc/ujson-5.11.0-cp311-cp311-manylinux_2_24_i686.manylinux_2_28_i686.whl"
            },
            {
              "algorithm": "sha256",
              "hash": "aa6b3d4f1c0d3f82930f4cbd7fe46d905a4a9205a7c13279789c1263faf06dba",
              "url": "https://files.pythonhosted.org/packages/8b/7a/2c20dc97ad70cd7c31ad0596ba8e2cf8794d77191ba4d1e0bded69865477/ujson-5.11.0-cp311-cp311-musllinux_1_2_i686.whl"
            },
            {
              "algorithm": "sha256",
              "hash": "d7c46cb0fe5e7056b9acb748a4c35aa1b428025853032540bb7e41f46767321f",
              "url": "https://files.pythonhosted.org/packages/da/ea/80346b826349d60ca4d612a47cdf3533694e49b45e9d1c07071bb867a184/ujson-5.11.0-cp311-cp311-macosx_10_9_x86_64.whl"
            },
            {
              "algorithm": "sha256",
              "hash": "da473b23e3a54448b008d33f742bcd6d5fb2a897e42d1fc6e7bf306ea5d18b1b",
              "url": "https://files.pythonhosted.org/packages/ec/ce/48877c6eb4afddfd6bd1db6be34456538c07ca2d6ed233d3f6c6efc2efe8/ujson-5.11.0-cp311-cp311-musllinux_1_2_aarch64.whl"
            }
          ],
          "project_name": "ujson",
          "requires_dists": [],
          "requires_python": ">=3.9",
          "version": "5.11.0"
        }
      ],
      "marker": null,
      "platform_tag": null
    }
  ],
  "only_builds": [],
  "only_wheels": [],
  "overridden": [],
  "path_mappings": {},
  "pex_version": "2.73.1",
  "pip_version": "25.3",
  "prefer_older_binary": false,
  "requirements": [
    "pantsbuild.pants.testutil==2.31.0.dev3",
    "pantsbuild.pants==2.31.0.dev3"
  ],
  "requires_python": [
    "CPython==3.11.*"
  ],
  "resolver_version": "pip-2020-resolver",
  "style": "universal",
  "target_systems": [
    "linux",
    "mac"
  ],
  "transitive": true,
  "use_pep517": null,
  "use_system_time": false
}
