{
  "allow_builds": true,
  "allow_prereleases": false,
  "allow_wheels": true,
  "build_isolation": true,
  "constraints": [],
  "elide_unused_requires_dist": false,
  "excluded": [],
  "locked_resolves": [
    {
      "locked_requirements": [
        {
          "artifacts": [
            {
              "algorithm": "sha256",
              "hash": "00d2dde5a675579325902536738dd27e4fac1fd68f773fe36c21044eb559e187",
              "url": "https://files.pythonhosted.org/packages/53/18/a56e2fe47b259bb52201093a3a9d4a32014f9d85071ad07e9d60600890ca/ansicolors-1.1.8-py2.py3-none-any.whl"
            },
            {
              "algorithm": "sha256",
              "hash": "99f94f5e3348a0bcd43c82e5fc4414013ccc19d70bd939ad71e0133ce9c372e0",
              "url": "https://files.pythonhosted.org/packages/76/31/7faed52088732704523c259e24c26ce6f2f33fbeff2ff59274560c27628e/ansicolors-1.1.8.zip"
            }
          ],
          "project_name": "ansicolors",
          "requires_dists": [],
          "requires_python": null,
          "version": "1.1.8"
        },
        {
          "artifacts": [
            {
              "algorithm": "sha256",
              "hash": "fbf996a709f8da2e745ef763f482ce2d311aa817d287593a5b990d6d6e4f0443",
              "url": "https://files.pythonhosted.org/packages/52/93/342cc62a70ab727e093ed98e02a725d85b746345f05d2b5e5034649f4ec8/chevron-0.14.0-py3-none-any.whl"
            },
            {
              "algorithm": "sha256",
              "hash": "87613aafdf6d77b6a90ff073165a61ae5086e21ad49057aa0e53681601800ebf",
              "url": "https://files.pythonhosted.org/packages/15/1f/ca74b65b19798895d63a6e92874162f44233467c9e7c1ed8afd19016ebe9/chevron-0.14.0.tar.gz"
            }
          ],
          "project_name": "chevron",
          "requires_dists": [],
          "requires_python": null,
          "version": "0.14.0"
        },
        {
          "artifacts": [
            {
              "algorithm": "sha256",
              "hash": "9422c40d1e350e4259f509fb2e608d6bc43c0136f79a00db1b49046029d0b3b7",
              "url": "https://files.pythonhosted.org/packages/51/ac/e5d886f892666d2d1e5cb8c1a41146e1d79ae8896477b1153a21711d3b44/fasteners-0.20-py3-none-any.whl"
            },
            {
              "algorithm": "sha256",
              "hash": "55dce8792a41b56f727ba6e123fcaee77fd87e638a6863cec00007bfea84c8d8",
              "url": "https://files.pythonhosted.org/packages/2d/18/7881a99ba5244bfc82f06017316ffe93217dbbbcfa52b887caa1d4f2a6d3/fasteners-0.20.tar.gz"
            }
          ],
          "project_name": "fasteners",
          "requires_dists": [],
          "requires_python": ">=3.6",
          "version": "0.20"
        },
        {
          "artifacts": [
            {
              "algorithm": "sha256",
              "hash": "f3890df0a6f3c582a0a8b2a49a568729cb319f1600683e4458cc98b68ca32841",
              "url": "https://files.pythonhosted.org/packages/c2/79/674aad5279dd1a77b85efa1cbf8dcead209dc5f38f55cbbfd75bc20cc65b/hdrhistogram-0.10.3.tar.gz"
            }
          ],
          "project_name": "hdrhistogram",
          "requires_dists": [
            "pbr>=1.4"
          ],
          "requires_python": null,
          "version": "0.10.3"
        },
        {
          "artifacts": [
            {
              "algorithm": "sha256",
              "hash": "b982a3597b0439ce9c8f4cfc929d86c6ed43907908be1e8463a34dc35fe5b258",
              "url": "https://files.pythonhosted.org/packages/15/f3/6419d1d5795a16591233d3aa3747b084e82c0c1d7184bdad9be638174560/ijson-3.4.0.post0-cp314-cp314t-musllinux_1_2_x86_64.whl"
            },
            {
              "algorithm": "sha256",
              "hash": "4810546e66128af51fd4a0c9a640e84e8508e9c15c4f247d8a3e3253b20e1465",
              "url": "https://files.pythonhosted.org/packages/0d/a1/914b5fb1c26af2474cd04841626e0e95576499a4ca940661fb105ee12dd2/ijson-3.4.0.post0-cp314-cp314-musllinux_1_2_aarch64.whl"
            },
            {
              "algorithm": "sha256",
              "hash": "8311f48db6a33116db5c81682f08b6e2405501a4b4e460193ae69fec3cd1f87a",
              "url": "https://files.pythonhosted.org/packages/0e/70/c21de30e7013e074924cd82057acfc5760e7b2cc41180f80770621b0ad36/ijson-3.4.0.post0-cp314-cp314t-manylinux2014_aarch64.manylinux_2_17_aarch64.manylinux_2_28_aarch64.whl"
            },
            {
              "algorithm": "sha256",
              "hash": "c117321cfa7b749cc1213f9b4c80dc958f0a206df98ec038ae4bcbbdb8463a15",
              "url": "https://files.pythonhosted.org/packages/1b/9f/0e9c236e720c2de887ab0d7cad8a15d2aa55fb449f792437fc99899957a9/ijson-3.4.0.post0-cp314-cp314t-manylinux1_i686.manylinux_2_28_i686.manylinux_2_5_i686.whl"
            },
            {
              "algorithm": "sha256",
              "hash": "56b3089dc28c12492d92cc4896d2be585a89ecae34e25d08c1df88f21815cb50",
              "url": "https://files.pythonhosted.org/packages/2a/97/e88295f9456ba939d90d4603af28fcabda3b443ef55e709e9381df3daa58/ijson-3.4.0.post0-cp314-cp314t-macosx_11_0_arm64.whl"
            },
            {
              "algorithm": "sha256",
              "hash": "9aa02dc70bb245670a6ca7fba737b992aeeb4895360980622f7e568dbf23e41e",
              "url": "https://files.pythonhosted.org/packages/2d/30/7ab4b9e88e7946f6beef419f74edcc541df3ea562c7882257b4eaa82417d/ijson-3.4.0.post0.tar.gz"
            },
            {
              "algorithm": "sha256",
              "hash": "5f0a72b1e3c0f78551670c12b2fdc1bf05f2796254d9c2055ba319bec2216020",
              "url": "https://files.pythonhosted.org/packages/2e/9b/9fda503799ebc30397710552e5dedc1d98d9ea6a694e5717415892623a94/ijson-3.4.0.post0-cp314-cp314t-musllinux_1_2_i686.whl"
            },
            {
              "algorithm": "sha256",
              "hash": "40007c977e230e04118b27322f25a72ae342a3d61464b2057fcd9b21eeb7427a",
              "url": "https://files.pythonhosted.org/packages/47/3d/a54f13d766332620bded8ee76bcdd274509ecc53cf99573450f95b3ad910/ijson-3.4.0.post0-cp314-cp314-musllinux_1_2_x86_64.whl"
            },
            {
              "algorithm": "sha256",
              "hash": "91c61a3e63e04da648737e6b4abd537df1b46fb8cdf3219b072e790bb3c1a46b",
              "url": "https://files.pythonhosted.org/packages/64/78/63a0bcc0707037df4e22bb836451279d850592258c859685a402c27f5d6d/ijson-3.4.0.post0-cp314-cp314t-manylinux2014_x86_64.manylinux_2_17_x86_64.manylinux_2_28_x86_64.whl"
            },
            {
              "algorithm": "sha256",
              "hash": "226447e40ca9340a39ed07d68ea02ee14b52cb4fe649425b256c1f0073531c83",
              "url": "https://files.pythonhosted.org/packages/69/1c/8a199fded709e762aced89bb7086973c837e432dd714bbad78a6ac789c23/ijson-3.4.0.post0-cp314-cp314t-macosx_10_13_universal2.whl"
            },
            {
              "algorithm": "sha256",
              "hash": "7206afcb396aaef66c2b066997b4e9d9042c4b7d777f4d994e9cec6d322c2fe6",
              "url": "https://files.pythonhosted.org/packages/77/3b/b5234add8115cbfe8635b6c152fb527327f45e4c0f0bf2e93844b36b5217/ijson-3.4.0.post0-cp314-cp314-manylinux2014_aarch64.manylinux_2_17_aarch64.manylinux_2_28_aarch64.whl"
            },
            {
              "algorithm": "sha256",
              "hash": "103a0838061297d063bca81d724b0958b616f372bd893bbc278320152252c652",
              "url": "https://files.pythonhosted.org/packages/7a/c1/51c3584102d0d85d4aa10cc88dbbe431ecb9fe98160a9e2fad62a4456aed/ijson-3.4.0.post0-cp314-cp314-musllinux_1_2_i686.whl"
            },
            {
              "algorithm": "sha256",
              "hash": "1709171023ce82651b2f132575c2e6282e47f64ad67bd3260da476418d0e7895",
              "url": "https://files.pythonhosted.org/packages/7d/85/834e9838d69893cb7567e1210be044444213c78f7414aaf1cd241df16078/ijson-3.4.0.post0-cp314-cp314t-musllinux_1_2_aarch64.whl"
            },
            {
              "algorithm": "sha256",
              "hash": "d14427d366f95f21adcb97d0ed1f6d30f6fdc04d0aa1e4de839152c50c2b8d65",
              "url": "https://files.pythonhosted.org/packages/83/e2/551dd7037dda759aa0ce53f0d3d7be03b03c6b05c0b0a5d5ab7a47e6b4b1/ijson-3.4.0.post0-cp314-cp314-macosx_11_0_arm64.whl"
            },
            {
              "algorithm": "sha256",
              "hash": "c8dd327da225887194fe8b93f2b3c9c256353e14a6b9eefc940ed17fde38f5b8",
              "url": "https://files.pythonhosted.org/packages/a2/d2/c4ae543e37d7a9fba09740c221976a63705dbad23a9cda9022fc9fa0f3de/ijson-3.4.0.post0-cp314-cp314-manylinux2014_x86_64.manylinux_2_17_x86_64.manylinux_2_28_x86_64.whl"
            },
            {
              "algorithm": "sha256",
              "hash": "339d49f6c5d24051c85d9226be96d2d56e633cb8b7d09dd8099de8d8b51a97e2",
              "url": "https://files.pythonhosted.org/packages/ac/b9/3006384f85cc26cf83dbbd542d362cc336f1e1ddd491e32147cfa46ea8ae/ijson-3.4.0.post0-cp314-cp314-manylinux1_i686.manylinux_2_28_i686.manylinux_2_5_i686.whl"
            },
            {
              "algorithm": "sha256",
              "hash": "da6a21b88cbf5ecbc53371283988d22c9643aa71ae2873bbeaefd2dea3b6160b",
              "url": "https://files.pythonhosted.org/packages/af/0b/a4ce8524fd850302bbf5d9f38d07c0fa981fdbe44951d2fcd036935b67dd/ijson-3.4.0.post0-cp314-cp314-macosx_10_13_universal2.whl"
            },
            {
              "algorithm": "sha256",
              "hash": "2c88f0669d45d4b1aa017c9b68d378e7cd15d188dfb6f0209adc78b7f45590a7",
              "url": "https://files.pythonhosted.org/packages/be/60/04e97f6a403203bd2eb8849570bdce5719d696b5fb96aa2a62566fe7a1d9/ijson-3.4.0.post0-cp314-cp314t-macosx_10_13_x86_64.whl"
            },
            {
              "algorithm": "sha256",
              "hash": "cf24a48a1c3ca9d44a04feb59ccefeb9aa52bb49b9cb70ad30518c25cce74bb7",
              "url": "https://files.pythonhosted.org/packages/be/90/a5e5f33e46f28174a9c8142d12dcb3d26ce358d9a2230b9b15f5c987b3a5/ijson-3.4.0.post0-cp314-cp314-macosx_10_13_x86_64.whl"
            }
          ],
          "project_name": "ijson",
          "requires_dists": [],
          "requires_python": ">=3.9",
          "version": "3.4.0.post0"
        },
        {
          "artifacts": [
            {
              "algorithm": "sha256",
              "hash": "f631c04d2c48c52b84d0d0549c99ff3859c98df65b3101406327ecc7d53fbf12",
              "url": "https://files.pythonhosted.org/packages/cb/b1/3846dd7f199d53cb17f49cba7e651e9ce294d8497c8c150530ed11865bb8/iniconfig-2.3.0-py3-none-any.whl"
            },
            {
              "algorithm": "sha256",
              "hash": "c76315c77db068650d49c5b56314774a7804df16fee4402c1f19d6d15d8c4730",
              "url": "https://files.pythonhosted.org/packages/72/34/14ca021ce8e5dfedc35312d08ba8bf51fdd999c576889fc2c24cb97f4f10/iniconfig-2.3.0.tar.gz"
            }
          ],
          "project_name": "iniconfig",
          "requires_dists": [],
          "requires_python": ">=3.10",
          "version": "2.3.0"
        },
        {
          "artifacts": [
            {
              "algorithm": "sha256",
              "hash": "8153270903772b1e59500ced6f0aca0f7bdb021651c27584e9283b7077b4916b",
              "url": "https://files.pythonhosted.org/packages/1a/4b/180481021692a76dc91f46fa6a49cdef4c3e630c77a83b7fda3f4eb7aa04/node_semver-0.9.0-py3-none-any.whl"
            },
            {
              "algorithm": "sha256",
              "hash": "04aa0b0016dbc06748d6378c42d8cf82a343415bd9fca6284f488041d08b33bb",
              "url": "https://files.pythonhosted.org/packages/eb/c5/e823658f716b17ab1c52d68ed13a0e09c0130af052401a26b5738e4290cc/node-semver-0.9.0.tar.gz"
            }
          ],
          "project_name": "node-semver",
          "requires_dists": [
            "pytest; extra == \"testing\""
          ],
          "requires_python": null,
          "version": "0.9.0"
        },
        {
          "artifacts": [
            {
              "algorithm": "sha256",
              "hash": "b36f1fef9334a5588b4166f8bcd26a14e521f2b55e6b9de3aaa80d3ff7a37529",
              "url": "https://files.pythonhosted.org/packages/b7/b9/c538f279a4e237a006a2c98387d081e9eb060d203d8ed34467cc0f0b9b53/packaging-26.0-py3-none-any.whl"
            },
            {
              "algorithm": "sha256",
              "hash": "00243ae351a257117b6a241061796684b084ed1c516a08c48a3f7e147a9d80b4",
              "url": "https://files.pythonhosted.org/packages/65/ee/299d360cdc32edc7d2cf530f3accf79c4fca01e96ffc950d8a52213bd8e4/packaging-26.0.tar.gz"
            }
          ],
          "project_name": "packaging",
          "requires_dists": [],
          "requires_python": ">=3.8",
          "version": "26.0"
        },
        {
          "artifacts": [
            {
              "algorithm": "sha256",
              "hash": "e19c853636fd24f27531ef75b5684af13a1e4c82d837352f314177dccff85ea5",
              "url": "https://github.com/pantsbuild/pants/releases/download/release_2.32.0/pantsbuild_pants-2.32.0-cp314-cp314-manylinux2014_x86_64.whl"
            },
            {
              "algorithm": "sha256",
              "hash": "dec070f61de6338e7213483429acd2058461744fd7ffd8edce9cf95e4aeea7f5",
              "url": "https://github.com/pantsbuild/pants/releases/download/release_2.32.0/pantsbuild_pants-2.32.0-cp314-cp314-macosx_14_0_arm64.whl"
            },
            {
              "algorithm": "sha256",
              "hash": "4725d8f4ebad31863802024f161e1e65a00b4e36c5626531e0add338c405852a",
              "url": "https://github.com/pantsbuild/pants/releases/download/release_2.32.0/pantsbuild_pants-2.32.0-cp314-cp314-manylinux2014_aarch64.whl"
            }
          ],
          "project_name": "pantsbuild-pants",
          "requires_dists": [
            "PyYAML<7.0,>=6.0",
            "ansicolors==1.1.8",
            "chevron==0.14.0",
            "fasteners==0.20.0",
            "hdrhistogram==0.10.3",
            "ijson==3.4.0.post0",
            "node-semver==0.9.0",
            "packaging==26.0",
            "psutil==5.9.8",
            "python-lsp-jsonrpc==1.1.2",
            "setproctitle==1.3.7",
            "toml==0.10.2",
            "types-PyYAML==6.0.12.20250915",
            "types-toml==0.10.8.20240310",
            "typing-extensions==4.15"
          ],
          "requires_python": "==3.14.*",
          "version": "2.32.0"
        },
        {
          "artifacts": [
            {
              "algorithm": "sha256",
              "hash": "e45de1f8ec53b5f278e4dbe24c9b1a8913203f26d2e391760be837a511221a00",
              "url": "https://github.com/pantsbuild/pants/releases/download/release_2.32.0/pantsbuild_pants_testutil-2.32.0-py3-none-any.whl"
            }
          ],
          "project_name": "pantsbuild-pants-testutil",
          "requires_dists": [
            "pantsbuild.pants==2.32.0",
            "pytest!=7.1.0,!=7.1.1,<9,>=7",
            "toml==0.10.2",
            "types-toml==0.10.8.20240310"
          ],
          "requires_python": "==3.14.*",
          "version": "2.32.0"
        },
        {
          "artifacts": [
            {
              "algorithm": "sha256",
              "hash": "ff223894eb1cd271a98076b13d3badff3bb36c424074d26334cd25aebeecea6b",
              "url": "https://files.pythonhosted.org/packages/c0/db/61efa0d08a99f897ef98256b03e563092d36cc38dc4ebe4a85020fe40b31/pbr-7.0.3-py2.py3-none-any.whl"
            },
            {
              "algorithm": "sha256",
              "hash": "b46004ec30a5324672683ec848aed9e8fc500b0d261d40a3229c2d2bbfcedc29",
              "url": "https://files.pythonhosted.org/packages/5e/ab/1de9a4f730edde1bdbbc2b8d19f8fa326f036b4f18b2f72cfbea7dc53c26/pbr-7.0.3.tar.gz"
            }
          ],
          "project_name": "pbr",
          "requires_dists": [
            "setuptools"
          ],
          "requires_python": ">=2.6",
          "version": "7.0.3"
        },
        {
          "artifacts": [
            {
              "algorithm": "sha256",
              "hash": "e920276dd6813095e9377c0bc5566d94c932c33b27a3e3945d8389c374dd4746",
              "url": "https://files.pythonhosted.org/packages/54/20/4d324d65cc6d9205fabedc306948156824eb9f0ee1633355a8f7ec5c66bf/pluggy-1.6.0-py3-none-any.whl"
            },
            {
              "algorithm": "sha256",
              "hash": "7dcc130b76258d33b90f61b658791dede3486c3e6bfb003ee5c9bfb396dd22f3",
              "url": "https://files.pythonhosted.org/packages/f9/e2/3e91f31a7d2b083fe6ef3fa267035b518369d9511ffab804f839851d2779/pluggy-1.6.0.tar.gz"
            }
          ],
          "project_name": "pluggy",
          "requires_dists": [
            "coverage; extra == \"testing\"",
            "pre-commit; extra == \"dev\"",
            "pytest-benchmark; extra == \"testing\"",
            "pytest; extra == \"testing\"",
            "tox; extra == \"dev\""
          ],
          "requires_python": ">=3.9",
          "version": "1.6.0"
        },
        {
          "artifacts": [
            {
              "algorithm": "sha256",
              "hash": "d16bbddf0693323b8c6123dd804100241da461e41d6e332fb0ba6058f630f8c8",
              "url": "https://files.pythonhosted.org/packages/05/33/2d74d588408caedd065c2497bdb5ef83ce6082db01289a1e1147f6639802/psutil-5.9.8-cp38-abi3-macosx_11_0_arm64.whl"
            },
            {
              "algorithm": "sha256",
              "hash": "6be126e3225486dff286a8fb9a06246a5253f4c7c53b475ea5f5ac934e64194c",
              "url": "https://files.pythonhosted.org/packages/90/c7/6dc0a455d111f68ee43f27793971cf03fe29b6ef972042549db29eec39a2/psutil-5.9.8.tar.gz"
            },
            {
              "algorithm": "sha256",
              "hash": "8cb6403ce6d8e047495a701dc7c5bd788add903f8986d523e3e20b98b733e421",
              "url": "https://files.pythonhosted.org/packages/b3/bd/28c5f553667116b2598b9cc55908ec435cb7f77a34f2bff3e3ca765b0f78/psutil-5.9.8-cp36-abi3-manylinux_2_12_i686.manylinux2010_i686.manylinux_2_17_i686.manylinux2014_i686.whl"
            },
            {
              "algorithm": "sha256",
              "hash": "d06016f7f8625a1825ba3732081d77c94589dca78b7a3fc072194851e88461a4",
              "url": "https://files.pythonhosted.org/packages/c5/4f/0e22aaa246f96d6ac87fe5ebb9c5a693fbe8877f537a1022527c47ca43c5/psutil-5.9.8-cp36-abi3-manylinux_2_12_x86_64.manylinux2010_x86_64.manylinux_2_17_x86_64.manylinux2014_x86_64.whl"
            },
            {
              "algorithm": "sha256",
              "hash": "aee678c8720623dc456fa20659af736241f575d79429a0e5e9cf88ae0605cc81",
              "url": "https://files.pythonhosted.org/packages/e7/e3/07ae864a636d70a8a6f58da27cb1179192f1140d5d1da10886ade9405797/psutil-5.9.8-cp36-abi3-macosx_10_9_x86_64.whl"
            }
          ],
          "project_name": "psutil",
          "requires_dists": [
            "enum34; python_version <= \"3.4\" and extra == \"test\"",
            "ipaddress; python_version < \"3.0\" and extra == \"test\"",
            "mock; python_version < \"3.0\" and extra == \"test\"",
            "pywin32; sys_platform == \"win32\" and extra == \"test\"",
            "wmi; sys_platform == \"win32\" and extra == \"test\""
          ],
          "requires_python": "!=3.0.*,!=3.1.*,!=3.2.*,!=3.3.*,!=3.4.*,!=3.5.*,>=2.7",
          "version": "5.9.8"
        },
        {
          "artifacts": [
            {
              "algorithm": "sha256",
              "hash": "81a9e26dd42fd28a23a2d169d86d7ac03b46e2f8b59ed4698fb4785f946d0176",
              "url": "https://files.pythonhosted.org/packages/f4/7e/a72dd26f3b0f4f2bf1dd8923c85f7ceb43172af56d63c7383eb62b332364/pygments-2.20.0-py3-none-any.whl"
            },
            {
              "algorithm": "sha256",
              "hash": "6757cd03768053ff99f3039c1a36d6c0aa0b263438fcab17520b30a303a82b5f",
              "url": "https://files.pythonhosted.org/packages/c3/b2/bc9c9196916376152d655522fdcebac55e66de6603a76a02bca1b6414f6c/pygments-2.20.0.tar.gz"
            }
          ],
          "project_name": "pygments",
          "requires_dists": [
            "colorama>=0.4.6; extra == \"windows-terminal\""
          ],
          "requires_python": ">=3.9",
          "version": "2.20.0"
        },
        {
          "artifacts": [
            {
              "algorithm": "sha256",
              "hash": "872f880de3fc3a5bdc88a11b39c9710c3497a547cfa9320bc3c5e62fbf272e79",
              "url": "https://files.pythonhosted.org/packages/a8/a4/20da314d277121d6534b3a980b29035dcd51e6744bd79075a6ce8fa4eb8d/pytest-8.4.2-py3-none-any.whl"
            },
            {
              "algorithm": "sha256",
              "hash": "86c0d0b93306b961d58d62a4db4879f27fe25513d4b969df351abdddb3c30e01",
              "url": "https://files.pythonhosted.org/packages/a3/5c/00a0e072241553e1a7496d638deababa67c5058571567b92a7eaa258397c/pytest-8.4.2.tar.gz"
            }
          ],
          "project_name": "pytest",
          "requires_dists": [
            "argcomplete; extra == \"dev\"",
            "attrs>=19.2; extra == \"dev\"",
            "colorama>=0.4; sys_platform == \"win32\"",
            "exceptiongroup>=1; python_version < \"3.11\"",
            "hypothesis>=3.56; extra == \"dev\"",
            "iniconfig>=1",
            "mock; extra == \"dev\"",
            "packaging>=20",
            "pluggy<2,>=1.5",
            "pygments>=2.7.2",
            "requests; extra == \"dev\"",
            "setuptools; extra == \"dev\"",
            "tomli>=1; python_version < \"3.11\"",
            "xmlschema; extra == \"dev\""
          ],
          "requires_python": ">=3.9",
          "version": "8.4.2"
        },
        {
          "artifacts": [
            {
              "algorithm": "sha256",
              "hash": "7339c2e9630ae98903fdaea1ace8c47fba0484983794d6aafd0bd8989be2b03c",
              "url": "https://files.pythonhosted.org/packages/cb/d9/656659d5b5d5f402b2b174cd0ba9bc827e07ce3c0bf88da65424baf64af8/python_lsp_jsonrpc-1.1.2-py3-none-any.whl"
            },
            {
              "algorithm": "sha256",
              "hash": "4688e453eef55cd952bff762c705cedefa12055c0aec17a06f595bcc002cc912",
              "url": "https://files.pythonhosted.org/packages/48/b6/fd92e2ea4635d88966bb42c20198df1a981340f07843b5e3c6694ba3557b/python-lsp-jsonrpc-1.1.2.tar.gz"
            }
          ],
          "project_name": "python-lsp-jsonrpc",
          "requires_dists": [
            "coverage; extra == \"test\"",
            "pycodestyle; extra == \"test\"",
            "pyflakes; extra == \"test\"",
            "pylint; extra == \"test\"",
            "pytest-cov; extra == \"test\"",
            "pytest; extra == \"test\"",
            "ujson>=3.0.0"
          ],
          "requires_python": ">=3.8",
          "version": "1.1.2"
        },
        {
          "artifacts": [
            {
              "algorithm": "sha256",
              "hash": "16249ee61e95f858e83976573de0f5b2893b3677ba71c9dd36b9cf8be9ac6d65",
              "url": "https://files.pythonhosted.org/packages/da/92/1446574745d74df0c92e6aa4a7b0b3130706a4142b2d1a5869f2eaa423c6/pyyaml-6.0.3-cp314-cp314t-musllinux_1_2_x86_64.whl"
            },
            {
              "algorithm": "sha256",
              "hash": "b3bc83488de33889877a0f2543ade9f70c67d66d9ebb4ac959502e12de895788",
              "url": "https://files.pythonhosted.org/packages/02/9e/e5e9b168be58564121efb3de6859c452fccde0ab093d8438905899a3a483/pyyaml-6.0.3-cp314-cp314-manylinux2014_s390x.manylinux_2_17_s390x.manylinux_2_28_s390x.whl"
            },
            {
              "algorithm": "sha256",
              "hash": "d76623373421df22fb4cf8817020cbb7ef15c725b9d5e45f17e189bfc384190f",
              "url": "https://files.pythonhosted.org/packages/05/8e/961c0007c59b8dd7729d542c61a4d537767a59645b82a0b521206e1e25c2/pyyaml-6.0.3.tar.gz"
            },
            {
              "algorithm": "sha256",
              "hash": "c1ff362665ae507275af2853520967820d9124984e0f7466736aea23d8611fba",
              "url": "https://files.pythonhosted.org/packages/4e/78/8d08c9fb7ce09ad8c38ad533c1191cf27f7ae1effe5bb9400a46d9437fcf/pyyaml-6.0.3-cp314-cp314t-macosx_11_0_arm64.whl"
            },
            {
              "algorithm": "sha256",
              "hash": "6adc77889b628398debc7b65c073bcb99c4a0237b248cacaf3fe8a557563ef6c",
              "url": "https://files.pythonhosted.org/packages/7b/5b/3babb19104a46945cf816d047db2788bcaf8c94527a805610b0289a01c6b/pyyaml-6.0.3-cp314-cp314t-manylinux2014_aarch64.manylinux_2_17_aarch64.manylinux_2_28_aarch64.whl"
            },
            {
              "algorithm": "sha256",
              "hash": "02893d100e99e03eda1c8fd5c441d8c60103fd175728e23e431db1b589cf5ab3",
              "url": "https://files.pythonhosted.org/packages/7c/f9/07dd09ae774e4616edf6cda684ee78f97777bdd15847253637a6f052a62f/pyyaml-6.0.3-cp314-cp314t-macosx_10_13_x86_64.whl"
            },
            {
              "algorithm": "sha256",
              "hash": "c458b6d084f9b935061bc36216e8a69a7e293a2f1e68bf956dcd9e6cbcd143f5",
              "url": "https://files.pythonhosted.org/packages/88/f9/16491d7ed2a919954993e48aa941b200f38040928474c9e85ea9e64222c3/pyyaml-6.0.3-cp314-cp314-manylinux2014_x86_64.manylinux_2_17_x86_64.manylinux_2_28_x86_64.whl"
            },
            {
              "algorithm": "sha256",
              "hash": "a80cb027f6b349846a3bf6d73b5e95e782175e52f22108cfa17876aaeff93702",
              "url": "https://files.pythonhosted.org/packages/8b/cc/dff0684d8dc44da4d22a13f35f073d558c268780ce3c6ba1b87055bb0b87/pyyaml-6.0.3-cp314-cp314t-manylinux2014_s390x.manylinux_2_17_s390x.manylinux_2_28_s390x.whl"
            },
            {
              "algorithm": "sha256",
              "hash": "501a031947e3a9025ed4405a168e6ef5ae3126c59f90ce0cd6f2bfc477be31b7",
              "url": "https://files.pythonhosted.org/packages/92/b5/47e807c2623074914e29dabd16cbbdd4bf5e9b2db9f8090fa64411fc5382/pyyaml-6.0.3-cp314-cp314-manylinux2014_aarch64.manylinux_2_17_aarch64.manylinux_2_28_aarch64.whl"
            },
            {
              "algorithm": "sha256",
              "hash": "8d1fab6bb153a416f9aeb4b8763bc0f22a5586065f86f7664fc23339fc1c1fac",
              "url": "https://files.pythonhosted.org/packages/9d/8c/f4bd7f6465179953d3ac9bc44ac1a8a3e6122cf8ada906b4f96c60172d43/pyyaml-6.0.3-cp314-cp314-macosx_10_13_x86_64.whl"
            },
            {
              "algorithm": "sha256",
              "hash": "00c4bdeba853cc34e7dd471f16b4114f4162dc03e6b7afcc2128711f0eca823c",
              "url": "https://files.pythonhosted.org/packages/b1/5e/f77dc6b9036943e285ba76b49e118d9ea929885becb0a29ba8a7c75e29fe/pyyaml-6.0.3-cp314-cp314t-manylinux2014_x86_64.manylinux_2_17_x86_64.manylinux_2_28_x86_64.whl"
            },
            {
              "algorithm": "sha256",
              "hash": "34d5fcd24b8445fadc33f9cf348c1047101756fd760b4dacb5c3e99755703310",
              "url": "https://files.pythonhosted.org/packages/bd/9c/4d95bb87eb2063d20db7b60faa3840c1b18025517ae857371c4dd55a6b3a/pyyaml-6.0.3-cp314-cp314-macosx_11_0_arm64.whl"
            },
            {
              "algorithm": "sha256",
              "hash": "66e1674c3ef6f541c35191caae2d429b967b99e02040f5ba928632d9a7f0f065",
              "url": "https://files.pythonhosted.org/packages/ce/88/a9db1376aa2a228197c58b37302f284b5617f56a5d959fd1763fb1675ce6/pyyaml-6.0.3-cp314-cp314t-musllinux_1_2_aarch64.whl"
            },
            {
              "algorithm": "sha256",
              "hash": "5190d403f121660ce8d1d2c1bb2ef1bd05b5f68533fc5c2ea899bd15f4399b35",
              "url": "https://files.pythonhosted.org/packages/d7/ce/af88a49043cd2e265be63d083fc75b27b6ed062f5f9fd6cdc223ad62f03e/pyyaml-6.0.3-cp314-cp314-musllinux_1_2_x86_64.whl"
            },
            {
              "algorithm": "sha256",
              "hash": "7c6610def4f163542a622a73fb39f534f8c101d690126992300bf3207eab9764",
              "url": "https://files.pythonhosted.org/packages/dd/3f/5989debef34dc6397317802b527dbbafb2b4760878a53d4166579111411e/pyyaml-6.0.3-cp314-cp314-musllinux_1_2_aarch64.whl"
            }
          ],
          "project_name": "pyyaml",
          "requires_dists": [],
          "requires_python": ">=3.8",
          "version": "6.0.3"
        },
        {
          "artifacts": [
            {
              "algorithm": "sha256",
              "hash": "1fae595d032b30dab4d659bece20debd202229fce12b55abab978b7f30783d73",
              "url": "https://files.pythonhosted.org/packages/e7/e3/54b496ac724e60e61cc3447f02690105901ca6d90da0377dffe49ff99fc7/setproctitle-1.3.7-cp314-cp314t-musllinux_1_2_x86_64.whl"
            },
            {
              "algorithm": "sha256",
              "hash": "6fc87caf9e323ac426910306c3e5d3205cd9f8dcac06d233fcafe9337f0928a3",
              "url": "https://files.pythonhosted.org/packages/01/6d/20886c8ff2e6d85e3cabadab6aab9bb90acaf1a5cfcb04d633f8d61b2626/setproctitle-1.3.7-cp314-cp314t-macosx_10_13_universal2.whl"
            },
            {
              "algorithm": "sha256",
              "hash": "45e3ef48350abb49cf937d0a8ba15e42cee1e5ae13ca41a77c66d1abc27a5070",
              "url": "https://files.pythonhosted.org/packages/0a/0c/fd4901db5ba4b9d9013e62f61d9c18d52290497f956745cd3e91b0d80f90/setproctitle-1.3.7-cp314-cp314t-musllinux_1_2_ppc64le.whl"
            },
            {
              "algorithm": "sha256",
              "hash": "b91387cc0f02a00ac95dcd93f066242d3cca10ff9e6153de7ee07069c6f0f7c8",
              "url": "https://files.pythonhosted.org/packages/15/1b/b9bee9de6c8cdcb3b3a6cb0b3e773afdb86bbbc1665a3bfa424a4294fda2/setproctitle-1.3.7-cp314-cp314-musllinux_1_2_x86_64.whl"
            },
            {
              "algorithm": "sha256",
              "hash": "14c7eba8d90c93b0e79c01f0bd92a37b61983c27d6d7d5a3b5defd599113d60e",
              "url": "https://files.pythonhosted.org/packages/1c/1a/8836b9f28cee32859ac36c3df85aa03e1ff4598d23ea17ca2e96b5845a8f/setproctitle-1.3.7-cp314-cp314-musllinux_1_2_aarch64.whl"
            },
            {
              "algorithm": "sha256",
              "hash": "96c38cdeef9036eb2724c2210e8d0b93224e709af68c435d46a4733a3675fee1",
              "url": "https://files.pythonhosted.org/packages/20/92/927b7d4744aac214d149c892cb5fa6dc6f49cfa040cb2b0a844acd63dcaf/setproctitle-1.3.7-cp314-cp314t-musllinux_1_2_aarch64.whl"
            },
            {
              "algorithm": "sha256",
              "hash": "1403d2abfd32790b6369916e2313dffbe87d6b11dca5bbd898981bcde48e7a2b",
              "url": "https://files.pythonhosted.org/packages/21/9c/980b01f50d51345dd513047e3ba9e96468134b9181319093e61db1c47188/setproctitle-1.3.7-cp314-cp314t-manylinux1_x86_64.manylinux_2_28_x86_64.manylinux_2_5_x86_64.whl"
            },
            {
              "algorithm": "sha256",
              "hash": "7f9e9e3ff135cbcc3edd2f4cf29b139f4aca040d931573102742db70ff428c17",
              "url": "https://files.pythonhosted.org/packages/34/b2/6a092076324dd4dac1a6d38482bedebbff5cf34ef29f58585ec76e47bc9d/setproctitle-1.3.7-cp314-cp314-manylinux2014_ppc64le.manylinux_2_17_ppc64le.manylinux_2_28_ppc64le.whl"
            },
            {
              "algorithm": "sha256",
              "hash": "e7c5bfe4228ea22373e3025965d1a4116097e555ee3436044f5c954a5e63ac45",
              "url": "https://files.pythonhosted.org/packages/86/b4/82cd0c86e6d1c4538e1a7eb908c7517721513b801dff4ba3f98ef816a240/setproctitle-1.3.7-cp314-cp314t-manylinux2014_aarch64.manylinux_2_17_aarch64.manylinux_2_28_aarch64.whl"
            },
            {
              "algorithm": "sha256",
              "hash": "80c36c6a87ff72eabf621d0c79b66f3bdd0ecc79e873c1e9f0651ee8bf215c63",
              "url": "https://files.pythonhosted.org/packages/89/c7/43ac3a98414f91d1b86a276bc2f799ad0b4b010e08497a95750d5bc42803/setproctitle-1.3.7-cp314-cp314-macosx_10_13_universal2.whl"
            },
            {
              "algorithm": "sha256",
              "hash": "585edf25e54e21a94ccb0fe81ad32b9196b69ebc4fc25f81da81fb8a50cca9e4",
              "url": "https://files.pythonhosted.org/packages/8a/4f/9f6b2a7417fd45673037554021c888b31247f7594ff4bd2239918c5cd6d0/setproctitle-1.3.7-cp314-cp314t-manylinux2014_ppc64le.manylinux_2_17_ppc64le.manylinux_2_28_ppc64le.whl"
            },
            {
              "algorithm": "sha256",
              "hash": "bc2bc917691c1537d5b9bca1468437176809c7e11e5694ca79a9ca12345dcb9e",
              "url": "https://files.pythonhosted.org/packages/8d/48/49393a96a2eef1ab418b17475fb92b8fcfad83d099e678751b05472e69de/setproctitle-1.3.7.tar.gz"
            },
            {
              "algorithm": "sha256",
              "hash": "6134c63853d87a4897ba7d5cc0e16abfa687f6c66fc09f262bb70d67718f2309",
              "url": "https://files.pythonhosted.org/packages/9a/60/26dfc5f198715f1343b95c2f7a1c16ae9ffa45bd89ffd45a60ed258d24ea/setproctitle-1.3.7-cp314-cp314t-macosx_11_0_arm64.whl"
            },
            {
              "algorithm": "sha256",
              "hash": "fcb966a6c57cf07cc9448321a08f3be6b11b7635be502669bc1d8745115d7e7f",
              "url": "https://files.pythonhosted.org/packages/ab/26/8e3bb082992f19823d831f3d62a89409deb6092e72fc6940962983ffc94f/setproctitle-1.3.7-cp314-cp314-manylinux1_x86_64.manylinux_2_28_x86_64.manylinux_2_5_x86_64.whl"
            },
            {
              "algorithm": "sha256",
              "hash": "b53602371a52b91c80aaf578b5ada29d311d12b8a69c0c17fbc35b76a1fd4f2e",
              "url": "https://files.pythonhosted.org/packages/cd/2c/dc258600a25e1a1f04948073826bebc55e18dbd99dc65a576277a82146fa/setproctitle-1.3.7-cp314-cp314-macosx_11_0_arm64.whl"
            },
            {
              "algorithm": "sha256",
              "hash": "9e64e98077fb30b6cf98073d6c439cd91deb8ebbf8fc62d9dbf52bd38b0c6ac0",
              "url": "https://files.pythonhosted.org/packages/ef/22/8fabdc24baf42defb599714799d8445fe3ae987ec425a26ec8e80ea38f8e/setproctitle-1.3.7-cp314-cp314-musllinux_1_2_ppc64le.whl"
            },
            {
              "algorithm": "sha256",
              "hash": "46178672599b940368d769474fe13ecef1b587d58bb438ea72b9987f74c56ea5",
              "url": "https://files.pythonhosted.org/packages/f1/af/ae692a20276d1159dd0cf77b0bcf92cbb954b965655eb4a69672099bb214/setproctitle-1.3.7-cp314-cp314-manylinux2014_aarch64.manylinux_2_17_aarch64.manylinux_2_28_aarch64.whl"
            }
          ],
          "project_name": "setproctitle",
          "requires_dists": [
            "pytest; extra == \"test\""
          ],
          "requires_python": ">=3.8",
          "version": "1.3.7"
        },
        {
          "artifacts": [
            {
              "algorithm": "sha256",
              "hash": "a59e362652f08dcd477c78bb6e7bd9d80a7995bc73ce773050228a348ce2e5bb",
              "url": "https://files.pythonhosted.org/packages/9d/76/f789f7a86709c6b087c5a2f52f911838cad707cc613162401badc665acfe/setuptools-82.0.1-py3-none-any.whl"
            },
            {
              "algorithm": "sha256",
              "hash": "7d872682c5d01cfde07da7bccc7b65469d3dca203318515ada1de5eda35efbf9",
              "url": "https://files.pythonhosted.org/packages/4f/db/cfac1baf10650ab4d1c111714410d2fbb77ac5a616db26775db562c8fab2/setuptools-82.0.1.tar.gz"
            }
          ],
          "project_name": "setuptools",
          "requires_dists": [
            "build[virtualenv]>=1.0.3; extra == \"test\"",
            "filelock>=3.4.0; extra == \"test\"",
            "furo; extra == \"doc\"",
            "importlib_metadata>=6; python_version < \"3.10\" and extra == \"core\"",
            "importlib_metadata>=7.0.2; python_version < \"3.10\" and extra == \"type\"",
            "ini2toml[lite]>=0.14; extra == \"test\"",
            "jaraco.develop>=7.21; (python_version >= \"3.9\" and sys_platform != \"cygwin\") and extra == \"test\"",
            "jaraco.develop>=7.21; sys_platform != \"cygwin\" and extra == \"type\"",
            "jaraco.envs>=2.2; extra == \"test\"",
            "jaraco.functools>=4; extra == \"core\"",
            "jaraco.packaging>=9.3; extra == \"doc\"",
            "jaraco.path>=3.7.2; extra == \"test\"",
            "jaraco.test>=5.5; extra == \"test\"",
            "jaraco.text>=3.7; extra == \"core\"",
            "jaraco.tidelift>=1.4; extra == \"doc\"",
            "more_itertools; extra == \"core\"",
            "more_itertools>=8.8; extra == \"core\"",
            "mypy==1.18.*; extra == \"type\"",
            "packaging>=24.2; extra == \"core\"",
            "packaging>=24.2; extra == \"test\"",
            "pip>=19.1; extra == \"test\"",
            "pygments-github-lexers==0.0.5; extra == \"doc\"",
            "pyproject-hooks!=1.1; extra == \"doc\"",
            "pyproject-hooks!=1.1; extra == \"test\"",
            "pytest!=8.1.*,>=6; extra == \"test\"",
            "pytest-checkdocs>=2.4; extra == \"check\"",
            "pytest-cov; extra == \"cover\"",
            "pytest-enabler>=2.2; extra == \"enabler\"",
            "pytest-home>=0.5; extra == \"test\"",
            "pytest-mypy; extra == \"type\"",
            "pytest-perf; sys_platform != \"cygwin\" and extra == \"test\"",
            "pytest-ruff>=0.2.1; sys_platform != \"cygwin\" and extra == \"check\"",
            "pytest-subprocess; extra == \"test\"",
            "pytest-timeout; extra == \"test\"",
            "pytest-xdist>=3; extra == \"test\"",
            "rst.linker>=1.9; extra == \"doc\"",
            "ruff>=0.13.0; sys_platform != \"cygwin\" and extra == \"check\"",
            "sphinx-favicon; extra == \"doc\"",
            "sphinx-inline-tabs; extra == \"doc\"",
            "sphinx-lint; extra == \"doc\"",
            "sphinx-notfound-page<2,>=1; extra == \"doc\"",
            "sphinx-reredirects; extra == \"doc\"",
            "sphinx>=3.5; extra == \"doc\"",
            "sphinxcontrib-towncrier; extra == \"doc\"",
            "tomli-w>=1.0.0; extra == \"test\"",
            "tomli>=2.0.1; python_version < \"3.11\" and extra == \"core\"",
            "towncrier<24.7; extra == \"doc\"",
            "virtualenv>=13.0.0; extra == \"test\"",
            "wheel>=0.43.0; extra == \"core\"",
            "wheel>=0.44.0; extra == \"test\""
          ],
          "requires_python": ">=3.9",
          "version": "82.0.1"
        },
        {
          "artifacts": [
            {
              "algorithm": "sha256",
              "hash": "806143ae5bfb6a3c6e736a764057db0e6a0e05e338b5630894a5f779cabb4f9b",
              "url": "https://files.pythonhosted.org/packages/44/6f/7120676b6d73228c96e17f1f794d8ab046fc910d781c8d151120c3f1569e/toml-0.10.2-py2.py3-none-any.whl"
            },
            {
              "algorithm": "sha256",
              "hash": "b3bda1d108d5dd99f4a20d24d9c348e91c4db7ab1b749200bded2f839ccbe68f",
              "url": "https://files.pythonhosted.org/packages/be/ba/1f744cdc819428fc6b5084ec34d9b30660f6f9daaf70eead706e3203ec3c/toml-0.10.2.tar.gz"
            }
          ],
          "project_name": "toml",
          "requires_dists": [],
          "requires_python": "!=3.0.*,!=3.1.*,!=3.2.*,>=2.6",
          "version": "0.10.2"
        },
        {
          "artifacts": [
            {
              "algorithm": "sha256",
              "hash": "e7d4d9e064e89a3b3cae120b4990cd370874d2bf12fa5f46c97018dd5d3c9ab6",
              "url": "https://files.pythonhosted.org/packages/bd/e0/1eed384f02555dde685fff1a1ac805c1c7dcb6dd019c916fe659b1c1f9ec/types_pyyaml-6.0.12.20250915-py3-none-any.whl"
            },
            {
              "algorithm": "sha256",
              "hash": "0f8b54a528c303f0e6f7165687dd33fafa81c807fcac23f632b63aa624ced1d3",
              "url": "https://files.pythonhosted.org/packages/7e/69/3c51b36d04da19b92f9e815be12753125bd8bc247ba0470a982e6979e71c/types_pyyaml-6.0.12.20250915.tar.gz"
            }
          ],
          "project_name": "types-pyyaml",
          "requires_dists": [],
          "requires_python": ">=3.9",
          "version": "6.0.12.20250915"
        },
        {
          "artifacts": [
            {
              "algorithm": "sha256",
              "hash": "627b47775d25fa29977d9c70dc0cbab3f314f32c8d8d0c012f2ef5de7aaec05d",
              "url": "https://files.pythonhosted.org/packages/da/a2/d32ab58c0b216912638b140ab2170ee4b8644067c293b170e19fba340ccc/types_toml-0.10.8.20240310-py3-none-any.whl"
            },
            {
              "algorithm": "sha256",
              "hash": "3d41501302972436a6b8b239c850b26689657e25281b48ff0ec06345b8830331",
              "url": "https://files.pythonhosted.org/packages/86/47/3e4c75042792bff8e90d7991aa5c51812cc668828cc6cce711e97f63a607/types-toml-0.10.8.20240310.tar.gz"
            }
          ],
          "project_name": "types-toml",
          "requires_dists": [],
          "requires_python": ">=3.8",
          "version": "0.10.8.20240310"
        },
        {
          "artifacts": [
            {
              "algorithm": "sha256",
              "hash": "f0fa19c6845758ab08074a0cfa8b7aecb71c999ca73d62883bc25cc018c4e548",
              "url": "https://files.pythonhosted.org/packages/18/67/36e9267722cc04a6b9f15c7f3441c2363321a3ea07da7ae0c0707beb2a9c/typing_extensions-4.15.0-py3-none-any.whl"
            },
            {
              "algorithm": "sha256",
              "hash": "0cea48d173cc12fa28ecabc3b837ea3cf6f38c6d1136f85cbaaf598984861466",
              "url": "https://files.pythonhosted.org/packages/72/94/1a15dd82efb362ac84269196e94cf00f187f7ed21c242792a923cdb1c61f/typing_extensions-4.15.0.tar.gz"
            }
          ],
          "project_name": "typing-extensions",
          "requires_dists": [],
          "requires_python": ">=3.9",
          "version": "4.15.0"
        },
        {
          "artifacts": [
            {
              "algorithm": "sha256",
              "hash": "751ad01042472f1c7c02f5c597c7aee79834e82a6cc384ca302173bbc8e8deb8",
              "url": "https://files.pythonhosted.org/packages/f3/bc/2f073bb708f9d128f5d1cb39063a5f6421b1ce94c61be8661c55a189f407/ujson-5.13.0-cp314-cp314t-musllinux_1_2_x86_64.whl"
            },
            {
              "algorithm": "sha256",
              "hash": "15107aaa4f559d55201165ec32abb35c283a861be1fa67229578cb7d93fcd93a",
              "url": "https://files.pythonhosted.org/packages/02/66/f53d3b32c3f177f846ca6b624e832f29000d8a213a2d8768e254bd470ced/ujson-5.13.0-cp314-cp314t-manylinux1_i686.manylinux2014_i686.manylinux_2_17_i686.manylinux_2_5_i686.whl"
            },
            {
              "algorithm": "sha256",
              "hash": "69b4e36bb7d5f413ba8c00c8006b2ec627cc5ace97301462f6aadb66ec9d2979",
              "url": "https://files.pythonhosted.org/packages/12/e9/1c543837c6a3c6672361882a0fa269bd02daf9cc4c0ca88a9dccd9df98d9/ujson-5.13.0-cp314-cp314t-macosx_10_15_x86_64.whl"
            },
            {
              "algorithm": "sha256",
              "hash": "cc9dfd41fed397ab03bb9d9fe1cbd83301211c772a17536033ce7d68877ac82b",
              "url": "https://files.pythonhosted.org/packages/1c/9a/b5139d696f5328f3cab70b9ec046f15e3f49497a4de6280974640602f539/ujson-5.13.0-cp314-cp314-macosx_10_15_x86_64.whl"
            },
            {
              "algorithm": "sha256",
              "hash": "d7f19b81b73ff28f5c5022ee794f94122bfcda07a76423078e349465d71223a1",
              "url": "https://files.pythonhosted.org/packages/22/8e/dd12b735aaba0806c3d70c18184d50e1f9712e0757c7c0a4f376450cfe28/ujson-5.13.0-cp314-cp314t-manylinux_2_24_aarch64.manylinux_2_28_aarch64.whl"
            },
            {
              "algorithm": "sha256",
              "hash": "ea939ff629ab03ae970d03eca6d1febd8ed55ba38ca44aec64ce997537cd3fa0",
              "url": "https://files.pythonhosted.org/packages/26/b6/08c6cf5548bd6f4bb557c9fa7e8edf87324bb04c17249d1966028d61dde0/ujson-5.13.0-cp314-cp314-manylinux2014_aarch64.manylinux_2_17_aarch64.whl"
            },
            {
              "algorithm": "sha256",
              "hash": "7df805aad707507a1fa165fb716218ca3a89f142125dc4b23c9fcc08fa402d97",
              "url": "https://files.pythonhosted.org/packages/29/33/a948f329252ece3f9c93d177243de6e677927ebc6ac44256742dbbef3c39/ujson-5.13.0-cp314-cp314-manylinux_2_24_x86_64.manylinux_2_28_x86_64.whl"
            },
            {
              "algorithm": "sha256",
              "hash": "6eee5d7cce3f32a468905f9ff61807a60287a90258d849460f6fa826e810870d",
              "url": "https://files.pythonhosted.org/packages/2c/bd/d286947525ea7ce3f2d8dc55c15b9ffbe425bc455c96af7b8f8a402599a9/ujson-5.13.0-cp314-cp314-musllinux_1_2_i686.whl"
            },
            {
              "algorithm": "sha256",
              "hash": "144e9d8a454cfa727e0f755e1863738ed68068583bda5463052cb446835bd56c",
              "url": "https://files.pythonhosted.org/packages/3c/3c/9eb916377050b0785f048a34588c1c390ddd41ae00b78db68ee1ad022356/ujson-5.13.0-cp314-cp314-musllinux_1_2_x86_64.whl"
            },
            {
              "algorithm": "sha256",
              "hash": "82e1393e6dbe3c95fdfc95c6c528890e191351a1f024ef51126cf1f22543af52",
              "url": "https://files.pythonhosted.org/packages/48/43/ad41e8752d5ec3a590a5e7b426a54e36b7aab911d9b5a4f7384dc62507ab/ujson-5.13.0-cp314-cp314t-manylinux_2_24_x86_64.manylinux_2_28_x86_64.whl"
            },
            {
              "algorithm": "sha256",
              "hash": "ca7ef2fa6c408a7c0f558e4d33d93b32ddc35ed6d3cfc505747931a64b7465d5",
              "url": "https://files.pythonhosted.org/packages/53/55/477183aeddfdf0f88ae039ffee0ed866cfb993da0c0c9aa915807554aef8/ujson-5.13.0-cp314-cp314-macosx_11_0_arm64.whl"
            },
            {
              "algorithm": "sha256",
              "hash": "02200035bc80e830f076ffc1b329a94c295aee6d9de8c9043647cb9a7bd4f76f",
              "url": "https://files.pythonhosted.org/packages/5f/c0/d8608c3f4d3f05e6441364b63fde1d279700135c1a6577a773662c07fbcc/ujson-5.13.0-cp314-cp314t-manylinux2014_x86_64.manylinux_2_17_x86_64.whl"
            },
            {
              "algorithm": "sha256",
              "hash": "b98bf2faa5e37ecfe752226ea08290031e375a0c43d425a0b955fb3e702a2a71",
              "url": "https://files.pythonhosted.org/packages/6e/b3/0ac9a03551467784067f505df1bb875c639ba32f1da79ce467ab15911ada/ujson-5.13.0-cp314-cp314-manylinux2014_x86_64.manylinux_2_17_x86_64.whl"
            },
            {
              "algorithm": "sha256",
              "hash": "1bdf2518971586f2b413156c49d9dd8b56cc990a8647081e1bd00af60564d469",
              "url": "https://files.pythonhosted.org/packages/7e/93/fab1d786174c8780eb3e386c73f1925a435e97fbf77c957fea4fca83994d/ujson-5.13.0-cp314-cp314t-musllinux_1_2_i686.whl"
            },
            {
              "algorithm": "sha256",
              "hash": "d62e3d7625384c08082abad81a077af587fdef2761bb14c3822f4234b8d07d75",
              "url": "https://files.pythonhosted.org/packages/89/7a/c8bb37c8f6f3623d60c33d15d18cd6d6655d0f9c3eb31a9969f76361b199/ujson-5.13.0.tar.gz"
            },
            {
              "algorithm": "sha256",
              "hash": "8b644d50f66de5490c1823c7176618cead5e8e8a88cba9f40a6308ca52e79267",
              "url": "https://files.pythonhosted.org/packages/99/e4/39862f0f7174ff07cfd1e2d0c9065ded34aeebdb7db8daf2f0e5bf89b46f/ujson-5.13.0-cp314-cp314t-macosx_11_0_arm64.whl"
            },
            {
              "algorithm": "sha256",
              "hash": "9a4b92344b16e414aeb609e57f62c466500e53c94f1698f5b149dc0b7223ec3e",
              "url": "https://files.pythonhosted.org/packages/ba/be/ec91029aec067174473d022fa0f6c3c1431a173f888d7599739f05c668eb/ujson-5.13.0-cp314-cp314-manylinux_2_24_aarch64.manylinux_2_28_aarch64.whl"
            },
            {
              "algorithm": "sha256",
              "hash": "38afcf994b28ed85ea2420e2a8d79a37d0a77348b3daf53850c16edda66f942d",
              "url": "https://files.pythonhosted.org/packages/e1/8e/b44a6afb77b94118655c029081b7932d64bb4c5b1c8ba2b7f5808b5d0bc2/ujson-5.13.0-cp314-cp314t-musllinux_1_2_aarch64.whl"
            },
            {
              "algorithm": "sha256",
              "hash": "6e343c5f0c058523f1edbf6ae4eceb4e0d934205a53bbdd8d9a945c83324662a",
              "url": "https://files.pythonhosted.org/packages/e6/d4/dddc4646d2633c85c938c2ded7d5a9711cdad5be1e13b31b7dad76f61c83/ujson-5.13.0-cp314-cp314t-manylinux2014_aarch64.manylinux_2_17_aarch64.whl"
            },
            {
              "algorithm": "sha256",
              "hash": "a554b2e5bee85030369514cef8b0b913cebe1a4c2c0c13541966d50bcba22b1a",
              "url": "https://files.pythonhosted.org/packages/ea/63/55e5f23e156b4c8bca095d828b4cd3180c0b42aa3501ef88836d79606fea/ujson-5.13.0-cp314-cp314-manylinux1_i686.manylinux2014_i686.manylinux_2_17_i686.manylinux_2_5_i686.whl"
            },
            {
              "algorithm": "sha256",
              "hash": "7576bdbef327c3528f011002a2d74486f6fe4e33289bdb7a042b7f1a6e9d8285",
              "url": "https://files.pythonhosted.org/packages/f1/0c/c33655218b8e0a8adbf066de0b999cae5c324061f3eaa4dda17423145d9e/ujson-5.13.0-cp314-cp314-musllinux_1_2_aarch64.whl"
            }
          ],
          "project_name": "ujson",
          "requires_dists": [],
          "requires_python": ">=3.10",
          "version": "5.13.0"
        }
      ],
      "marker": null,
      "platform_tag": null
    }
  ],
  "only_builds": [],
  "only_wheels": [],
  "overridden": [],
  "path_mappings": {},
  "pex_version": "2.96.0",
  "pip_version": "26.1.2",
  "prefer_older_binary": false,
  "requirements": [
    "pantsbuild.pants.testutil==2.32.0",
    "pantsbuild.pants==2.32.0"
  ],
  "requires_python": [
    "CPython==3.14.*"
  ],
  "resolver_version": "pip-2020-resolver",
  "style": "universal",
  "target_systems": [
    "linux",
    "mac"
  ],
  "transitive": true,
  "use_pep517": null,
  "use_system_time": false
}
